// !$*UTF8*$!
{
	archiveVersion = 1;
	classes = {
	};
	objectVersion = 44;
	objects = {

/* Begin PBXBuildFile section */
		1B7BBBF90CBE25D000484A9E /* Carbon.framework in Frameworks */ = {isa = PBXBuildFile; fileRef = 1B7BBBF80CBE25D000484A9E /* Carbon.framework */; };
		983AFC260B19A74300173464 /* Spark.icns in Resources */ = {isa = PBXBuildFile; fileRef = 983AFC250B19A74300173464 /* Spark.icns */; };
		9867565A096B3B9000BB8A25 /* ShadowKit.framework in Frameworks */ = {isa = PBXBuildFile; fileRef = 98675654096B3B6F00BB8A25 /* ShadowKit.framework */; };
		98B20D9A06A5492E008BA3F6 /* Cocoa.framework in Frameworks */ = {isa = PBXBuildFile; fileRef = 1058C7A1FEA54F0111CA2CBB /* Cocoa.framework */; };
		98D528DF0B19A14800C8425C /* SDAEHandlers.c in Sources */ = {isa = PBXBuildFile; fileRef = 98D528D90B19A14800C8425C /* SDAEHandlers.c */; };
		98D528E00B19A14800C8425C /* SDProtocol.m in Sources */ = {isa = PBXBuildFile; fileRef = 98D528DB0B19A14800C8425C /* SDProtocol.m */; };
		98D528E10B19A14800C8425C /* SparkDaemon.m in Sources */ = {isa = PBXBuildFile; fileRef = 98D528DE0B19A14800C8425C /* SparkDaemon.m */; };
		98D528E80B19A18B00C8425C /* InfoPlist.strings in Resources */ = {isa = PBXBuildFile; fileRef = 98D528E60B19A18B00C8425C /* InfoPlist.strings */; };
		98D75E3D0B28BAA1001393F7 /* SparkDaemon.sdef in Resources */ = {isa = PBXBuildFile; fileRef = 98D75E3C0B28BAA1001393F7 /* SparkDaemon.sdef */; };
		98EF7E520864588C007BC81A /* HotKeyToolKit.framework in Frameworks */ = {isa = PBXBuildFile; fileRef = 98EF7E4A08645876007BC81A /* HotKeyToolKit.framework */; };
		98EF7E530864588F007BC81A /* SparkKit.framework in Frameworks */ = {isa = PBXBuildFile; fileRef = 98EF7E5108645883007BC81A /* SparkKit.framework */; };
/* End PBXBuildFile section */

/* Begin PBXContainerItemProxy section */
		985B78A40A8151960003A59C /* PBXContainerItemProxy */ = {
			isa = PBXContainerItemProxy;
			containerPortal = 98EF7E4B08645883007BC81A /* SparkKit.xcodeproj */;
			proxyType = 1;
			remoteGlobalIDString = 8DC2EF4F0486A6940098B216;
			remoteInfo = SparkKit;
		};
		98675653096B3B6F00BB8A25 /* PBXContainerItemProxy */ = {
			isa = PBXContainerItemProxy;
			containerPortal = 98EF7E4B08645883007BC81A /* SparkKit.xcodeproj */;
			proxyType = 2;
			remoteGlobalIDString = 98C56D34096B348400ABE1EF;
			remoteInfo = ShadowKit;
		};
		98C61C280A58140B0004E6EF /* PBXContainerItemProxy */ = {
			isa = PBXContainerItemProxy;
			containerPortal = 98EF7E4108645876007BC81A /* HotKeyToolKit.xcodeproj */;
			proxyType = 2;
			remoteGlobalIDString = 98C61C1A0A5813EB0004E6EF;
			remoteInfo = UITester;
		};
		98DC31710A57FDA3001E1415 /* PBXContainerItemProxy */ = {
			isa = PBXContainerItemProxy;
			containerPortal = 98EF7E4108645876007BC81A /* HotKeyToolKit.xcodeproj */;
			proxyType = 2;
			remoteGlobalIDString = 98643F000A556F2200260086;
			remoteInfo = Test;
		};
		98DC31730A57FDA3001E1415 /* PBXContainerItemProxy */ = {
			isa = PBXContainerItemProxy;
			containerPortal = 98EF7E4108645876007BC81A /* HotKeyToolKit.xcodeproj */;
			proxyType = 2;
			remoteGlobalIDString = 98E204A00A56FE6500EB74E1;
			remoteInfo = Runner;
		};
		98EF7E4908645876007BC81A /* PBXContainerItemProxy */ = {
			isa = PBXContainerItemProxy;
			containerPortal = 98EF7E4108645876007BC81A /* HotKeyToolKit.xcodeproj */;
			proxyType = 2;
			remoteGlobalIDString = 8DC2EF5B0486A6940098B216;
			remoteInfo = HotKeyToolKit;
		};
		98EF7E5008645883007BC81A /* PBXContainerItemProxy */ = {
			isa = PBXContainerItemProxy;
			containerPortal = 98EF7E4B08645883007BC81A /* SparkKit.xcodeproj */;
			proxyType = 2;
			remoteGlobalIDString = 8DC2EF5B0486A6940098B216;
			remoteInfo = SparkKit;
		};
/* End PBXContainerItemProxy section */

/* Begin PBXFileReference section */
		1058C7A1FEA54F0111CA2CBB /* Cocoa.framework */ = {isa = PBXFileReference; lastKnownFileType = wrapper.framework; name = Cocoa.framework; path = /System/Library/Frameworks/Cocoa.framework; sourceTree = "<absolute>"; };
		1B7BB7E70CBE20D500484A9E /* Common.xcconfig */ = {isa = PBXFileReference; fileEncoding = 4; lastKnownFileType = text.xcconfig; path = Common.xcconfig; sourceTree = "<group>"; };
		1B7BB7E80CBE20D500484A9E /* Debug.xcconfig */ = {isa = PBXFileReference; fileEncoding = 4; lastKnownFileType = text.xcconfig; path = Debug.xcconfig; sourceTree = "<group>"; };
		1B7BB7E90CBE20D500484A9E /* Profile.xcconfig */ = {isa = PBXFileReference; fileEncoding = 4; lastKnownFileType = text.xcconfig; path = Profile.xcconfig; sourceTree = "<group>"; };
		1B7BB7EA0CBE20D500484A9E /* Release.xcconfig */ = {isa = PBXFileReference; fileEncoding = 4; lastKnownFileType = text.xcconfig; path = Release.xcconfig; sourceTree = "<group>"; };
		1B7BBBF80CBE25D000484A9E /* Carbon.framework */ = {isa = PBXFileReference; lastKnownFileType = wrapper.framework; name = Carbon.framework; path = /System/Library/Frameworks/Carbon.framework; sourceTree = "<absolute>"; };
		29B97324FDCFA39411CA2CEA /* AppKit.framework */ = {isa = PBXFileReference; lastKnownFileType = wrapper.framework; name = AppKit.framework; path = /System/Library/Frameworks/AppKit.framework; sourceTree = "<absolute>"; };
		29B97325FDCFA39411CA2CEA /* Foundation.framework */ = {isa = PBXFileReference; lastKnownFileType = wrapper.framework; name = Foundation.framework; path = /System/Library/Frameworks/Foundation.framework; sourceTree = "<absolute>"; };
		983AFC250B19A74300173464 /* Spark.icns */ = {isa = PBXFileReference; lastKnownFileType = image.icns; name = Spark.icns; path = ../SparkEditor/Resources/Images/icns/Spark.icns; sourceTree = SOURCE_ROOT; };
		98B20D6A06A54814008BA3F6 /* Spark Daemon.app */ = {isa = PBXFileReference; explicitFileType = wrapper.application; includeInIndex = 0; path = "Spark Daemon.app"; sourceTree = BUILT_PRODUCTS_DIR; };
		98D528D90B19A14800C8425C /* SDAEHandlers.c */ = {isa = PBXFileReference; fileEncoding = 4; lastKnownFileType = sourcecode.c.c; path = SDAEHandlers.c; sourceTree = "<group>"; };
		98D528DA0B19A14800C8425C /* SDAEHandlers.h */ = {isa = PBXFileReference; fileEncoding = 4; lastKnownFileType = sourcecode.c.h; path = SDAEHandlers.h; sourceTree = "<group>"; };
		98D528DB0B19A14800C8425C /* SDProtocol.m */ = {isa = PBXFileReference; fileEncoding = 4; lastKnownFileType = sourcecode.c.objc; path = SDProtocol.m; sourceTree = "<group>"; };
		98D528DC0B19A14800C8425C /* SDVersion.h */ = {isa = PBXFileReference; fileEncoding = 4; lastKnownFileType = sourcecode.c.h; path = SDVersion.h; sourceTree = "<group>"; };
		98D528DD0B19A14800C8425C /* SparkDaemon.h */ = {isa = PBXFileReference; fileEncoding = 4; lastKnownFileType = sourcecode.c.h; path = SparkDaemon.h; sourceTree = "<group>"; };
		98D528DE0B19A14800C8425C /* SparkDaemon.m */ = {isa = PBXFileReference; fileEncoding = 4; lastKnownFileType = sourcecode.c.objc; path = SparkDaemon.m; sourceTree = "<group>"; };
		98D528E70B19A18B00C8425C /* English */ = {isa = PBXFileReference; fileEncoding = 10; lastKnownFileType = text.plist.strings; name = English; path = English.lproj/InfoPlist.strings; sourceTree = "<group>"; };
		98D528F20B19A1AF00C8425C /* Info.plist */ = {isa = PBXFileReference; fileEncoding = 4; lastKnownFileType = text.xml; path = Info.plist; sourceTree = SOURCE_ROOT; };
		98D75E3C0B28BAA1001393F7 /* SparkDaemon.sdef */ = {isa = PBXFileReference; fileEncoding = 4; lastKnownFileType = text.sdef; path = SparkDaemon.sdef; sourceTree = "<group>"; };
		98EF7E4108645876007BC81A /* HotKeyToolKit.xcodeproj */ = {isa = PBXFileReference; lastKnownFileType = "wrapper.pb-project"; name = HotKeyToolKit.xcodeproj; path = ../HotKeyToolKit/HotKeyToolKit.xcodeproj; sourceTree = SOURCE_ROOT; };
		98EF7E4B08645883007BC81A /* SparkKit.xcodeproj */ = {isa = PBXFileReference; lastKnownFileType = "wrapper.pb-project"; name = SparkKit.xcodeproj; path = ../SparkKit/SparkKit.xcodeproj; sourceTree = SOURCE_ROOT; };
/* End PBXFileReference section */

/* Begin PBXFrameworksBuildPhase section */
		98B20D6806A54814008BA3F6 /* Frameworks */ = {
			isa = PBXFrameworksBuildPhase;
			buildActionMask = 2147483647;
			files = (
				98B20D9A06A5492E008BA3F6 /* Cocoa.framework in Frameworks */,
				98EF7E530864588F007BC81A /* SparkKit.framework in Frameworks */,
				9867565A096B3B9000BB8A25 /* ShadowKit.framework in Frameworks */,
				98EF7E520864588C007BC81A /* HotKeyToolKit.framework in Frameworks */,
				1B7BBBF90CBE25D000484A9E /* Carbon.framework in Frameworks */,
			);
			runOnlyForDeploymentPostprocessing = 0;
		};
/* End PBXFrameworksBuildPhase section */

/* Begin PBXGroup section */
		1058C7A0FEA54F0111CA2CBB /* Linked Frameworks */ = {
			isa = PBXGroup;
			children = (
				1058C7A1FEA54F0111CA2CBB /* Cocoa.framework */,
				1B7BBBF80CBE25D000484A9E /* Carbon.framework */,
			);
			name = "Linked Frameworks";
			sourceTree = "<group>";
		};
		1058C7A2FEA54F0111CA2CBB /* Other Frameworks */ = {
			isa = PBXGroup;
			children = (
				29B97324FDCFA39411CA2CEA /* AppKit.framework */,
				29B97325FDCFA39411CA2CEA /* Foundation.framework */,
			);
			name = "Other Frameworks";
			sourceTree = "<group>";
		};
		19C28FACFE9D520D11CA2CBB /* Products */ = {
			isa = PBXGroup;
			children = (
				98B20D6A06A54814008BA3F6 /* Spark Daemon.app */,
			);
			name = Products;
			sourceTree = "<group>";
		};
		1B7BB7E60CBE20D500484A9E /* Configurations */ = {
			isa = PBXGroup;
			children = (
				1B7BB7E70CBE20D500484A9E /* Common.xcconfig */,
				1B7BB7E80CBE20D500484A9E /* Debug.xcconfig */,
				1B7BB7E90CBE20D500484A9E /* Profile.xcconfig */,
				1B7BB7EA0CBE20D500484A9E /* Release.xcconfig */,
			);
			path = Configurations;
			sourceTree = SHARED_SOURCES_DIR;
		};
		29B97314FDCFA39411CA2CEA /* Spark */ = {
			isa = PBXGroup;
			children = (
				98D528D80B19A14800C8425C /* Sources */,
				98CE5BFB0774EF34006EB5A5 /* Resources */,
				29B97323FDCFA39411CA2CEA /* Frameworks */,
				19C28FACFE9D520D11CA2CBB /* Products */,
				1B7BB7E60CBE20D500484A9E /* Configurations */,
				98EF7E4B08645883007BC81A /* SparkKit.xcodeproj */,
				98EF7E4108645876007BC81A /* HotKeyToolKit.xcodeproj */,
			);
			name = Spark;
			sourceTree = "<group>";
		};
		29B97323FDCFA39411CA2CEA /* Frameworks */ = {
			isa = PBXGroup;
			children = (
				1058C7A0FEA54F0111CA2CBB /* Linked Frameworks */,
				1058C7A2FEA54F0111CA2CBB /* Other Frameworks */,
			);
			name = Frameworks;
			sourceTree = "<group>";
		};
		98CE5BFB0774EF34006EB5A5 /* Resources */ = {
			isa = PBXGroup;
			children = (
				98D528F20B19A1AF00C8425C /* Info.plist */,
				983AFC250B19A74300173464 /* Spark.icns */,
				98D528E60B19A18B00C8425C /* InfoPlist.strings */,
				98D75E3C0B28BAA1001393F7 /* SparkDaemon.sdef */,
			);
			path = Resources;
			sourceTree = "<group>";
		};
		98D528D80B19A14800C8425C /* Sources */ = {
			isa = PBXGroup;
			children = (
				98D528E30B19A15C00C8425C /* Headers */,
				98D528DB0B19A14800C8425C /* SDProtocol.m */,
				98D528D90B19A14800C8425C /* SDAEHandlers.c */,
				98D528DE0B19A14800C8425C /* SparkDaemon.m */,
			);
			path = Sources;
			sourceTree = "<group>";
		};
		98D528E30B19A15C00C8425C /* Headers */ = {
			isa = PBXGroup;
			children = (
				98D528DC0B19A14800C8425C /* SDVersion.h */,
				98D528DA0B19A14800C8425C /* SDAEHandlers.h */,
				98D528DD0B19A14800C8425C /* SparkDaemon.h */,
			);
			name = Headers;
			sourceTree = "<group>";
		};
		98EF7E4208645876007BC81A /* Products */ = {
			isa = PBXGroup;
			children = (
				98DC31720A57FDA3001E1415 /* Test.octest */,
				98DC31740A57FDA3001E1415 /* Runner */,
				98C61C290A58140B0004E6EF /* UITester.app */,
				98EF7E4A08645876007BC81A /* HotKeyToolKit.framework */,
			);
			name = Products;
			sourceTree = "<group>";
		};
		98EF7E4C08645883007BC81A /* Products */ = {
			isa = PBXGroup;
			children = (
				98EF7E5108645883007BC81A /* SparkKit.framework */,
				98675654096B3B6F00BB8A25 /* ShadowKit.framework */,
			);
			name = Products;
			sourceTree = "<group>";
		};
/* End PBXGroup section */

/* Begin PBXNativeTarget section */
		98B20D6906A54814008BA3F6 /* Spark Daemon */ = {
			isa = PBXNativeTarget;
			buildConfigurationList = 98EF7DEA08645714007BC81A /* Build configuration list for PBXNativeTarget "Spark Daemon" */;
			buildPhases = (
				98B20D6606A54814008BA3F6 /* Resources */,
				98B20D6706A54814008BA3F6 /* Sources */,
				98B20D6806A54814008BA3F6 /* Frameworks */,
				9843EE8A0AA700840051AD0E /* Create Debug Links */,
			);
			buildRules = (
			);
			dependencies = (
				985B78A50A8151960003A59C /* PBXTargetDependency */,
			);
			name = "Spark Daemon";
			productName = "Spark Daemon 2";
			productReference = 98B20D6A06A54814008BA3F6 /* Spark Daemon.app */;
			productType = "com.apple.product-type.application";
		};
/* End PBXNativeTarget section */

/* Begin PBXProject section */
		29B97313FDCFA39411CA2CEA /* Project object */ = {
			isa = PBXProject;
			buildConfigurationList = 98EF7DEF08645714007BC81A /* Build configuration list for PBXProject "SparkDaemon" */;
			compatibilityVersion = "Xcode 3.0";
			hasScannedForEncodings = 1;
			mainGroup = 29B97314FDCFA39411CA2CEA /* Spark */;
			projectDirPath = "";
			projectReferences = (
				{
					ProductGroup = 98EF7E4208645876007BC81A /* Products */;
					ProjectRef = 98EF7E4108645876007BC81A /* HotKeyToolKit.xcodeproj */;
				},
				{
					ProductGroup = 98EF7E4C08645883007BC81A /* Products */;
					ProjectRef = 98EF7E4B08645883007BC81A /* SparkKit.xcodeproj */;
				},
			);
			projectRoot = "";
			targets = (
				98B20D6906A54814008BA3F6 /* Spark Daemon */,
			);
		};
/* End PBXProject section */

/* Begin PBXReferenceProxy section */
		98675654096B3B6F00BB8A25 /* ShadowKit.framework */ = {
			isa = PBXReferenceProxy;
			fileType = wrapper.framework;
			path = ShadowKit.framework;
			remoteRef = 98675653096B3B6F00BB8A25 /* PBXContainerItemProxy */;
			sourceTree = BUILT_PRODUCTS_DIR;
		};
		98C61C290A58140B0004E6EF /* UITester.app */ = {
			isa = PBXReferenceProxy;
			fileType = wrapper.application;
			path = UITester.app;
			remoteRef = 98C61C280A58140B0004E6EF /* PBXContainerItemProxy */;
			sourceTree = BUILT_PRODUCTS_DIR;
		};
		98DC31720A57FDA3001E1415 /* Test.octest */ = {
			isa = PBXReferenceProxy;
			fileType = wrapper.cfbundle;
			path = Test.octest;
			remoteRef = 98DC31710A57FDA3001E1415 /* PBXContainerItemProxy */;
			sourceTree = BUILT_PRODUCTS_DIR;
		};
		98DC31740A57FDA3001E1415 /* Runner */ = {
			isa = PBXReferenceProxy;
			fileType = "compiled.mach-o.executable";
			path = Runner;
			remoteRef = 98DC31730A57FDA3001E1415 /* PBXContainerItemProxy */;
			sourceTree = BUILT_PRODUCTS_DIR;
		};
		98EF7E4A08645876007BC81A /* HotKeyToolKit.framework */ = {
			isa = PBXReferenceProxy;
			fileType = wrapper.framework;
			path = HotKeyToolKit.framework;
			remoteRef = 98EF7E4908645876007BC81A /* PBXContainerItemProxy */;
			sourceTree = BUILT_PRODUCTS_DIR;
		};
		98EF7E5108645883007BC81A /* SparkKit.framework */ = {
			isa = PBXReferenceProxy;
			fileType = wrapper.framework;
			path = SparkKit.framework;
			remoteRef = 98EF7E5008645883007BC81A /* PBXContainerItemProxy */;
			sourceTree = BUILT_PRODUCTS_DIR;
		};
/* End PBXReferenceProxy section */

/* Begin PBXResourcesBuildPhase section */
		98B20D6606A54814008BA3F6 /* Resources */ = {
			isa = PBXResourcesBuildPhase;
			buildActionMask = 2147483647;
			files = (
				98D528E80B19A18B00C8425C /* InfoPlist.strings in Resources */,
				983AFC260B19A74300173464 /* Spark.icns in Resources */,
				98D75E3D0B28BAA1001393F7 /* SparkDaemon.sdef in Resources */,
			);
			runOnlyForDeploymentPostprocessing = 0;
		};
/* End PBXResourcesBuildPhase section */

/* Begin PBXShellScriptBuildPhase section */
		9843EE8A0AA700840051AD0E /* Create Debug Links */ = {
			isa = PBXShellScriptBuildPhase;
			buildActionMask = 2147483647;
			files = (
			);
			inputPaths = (
			);
			name = "Create Debug Links";
			outputPaths = (
			);
			runOnlyForDeploymentPostprocessing = 0;
			shellPath = /bin/tcsh;
			shellScript = "#if (\"${CONFIGURATION}\" == \"Debug\" || \"${CONFIGURATION}\" == \"Profile\") then\nif (\"${CONFIGURATION}\" == \"Debug\") then\nset BASE=../../Spark.app/Contents\nelse\nset BASE=../../..\nendif\n\ncd \"${BUILT_PRODUCTS_DIR}\"\n\nif (! -l \"${FRAMEWORKS_FOLDER_PATH}\") then \nrm -rf \"${FRAMEWORKS_FOLDER_PATH}\"\nln -s ${BASE}/Frameworks \"${FRAMEWORKS_FOLDER_PATH}\"\nendif\n\nif (! -l \"${PLUGINS_FOLDER_PATH}\") then \nrm -rf \"${PLUGINS_FOLDER_PATH}\"\nln -s ${BASE}/PlugIns \"${PLUGINS_FOLDER_PATH}\"\nendif\n\n\n";
		};
/* End PBXShellScriptBuildPhase section */

/* Begin PBXSourcesBuildPhase section */
		98B20D6706A54814008BA3F6 /* Sources */ = {
			isa = PBXSourcesBuildPhase;
			buildActionMask = 2147483647;
			files = (
				98D528DF0B19A14800C8425C /* SDAEHandlers.c in Sources */,
				98D528E00B19A14800C8425C /* SDProtocol.m in Sources */,
				98D528E10B19A14800C8425C /* SparkDaemon.m in Sources */,
			);
			runOnlyForDeploymentPostprocessing = 0;
		};
/* End PBXSourcesBuildPhase section */

/* Begin PBXTargetDependency section */
		985B78A50A8151960003A59C /* PBXTargetDependency */ = {
			isa = PBXTargetDependency;
			name = SparkKit;
			targetProxy = 985B78A40A8151960003A59C /* PBXContainerItemProxy */;
		};
/* End PBXTargetDependency section */

/* Begin PBXVariantGroup section */
		98D528E60B19A18B00C8425C /* InfoPlist.strings */ = {
			isa = PBXVariantGroup;
			children = (
				98D528E70B19A18B00C8425C /* English */,
			);
			name = InfoPlist.strings;
			sourceTree = "<group>";
		};
/* End PBXVariantGroup section */

/* Begin XCBuildConfiguration section */
		98EF7DEB08645714007BC81A /* Debug */ = {
			isa = XCBuildConfiguration;
			buildSettings = {
				CURRENT_PROJECT_VERSION = 401;
				INFOPLIST_FILE = Info.plist;
				INSTALL_PATH = "$(USER_APPS_DIR)";
				PRODUCT_NAME = "Spark Daemon";
			};
			name = Debug;
		};
		98EF7DEC08645714007BC81A /* Profile */ = {
			isa = XCBuildConfiguration;
			buildSettings = {
				CURRENT_PROJECT_VERSION = 401;
				INFOPLIST_FILE = Info.plist;
				INSTALL_PATH = "$(USER_APPS_DIR)";
				PRODUCT_NAME = "Spark Daemon";
			};
			name = Profile;
		};
		98EF7DF008645714007BC81A /* Debug */ = {
			isa = XCBuildConfiguration;
			baseConfigurationReference = 1B7BB7E80CBE20D500484A9E /* Debug.xcconfig */;
			buildSettings = {
				SYMROOT = ../build;
			};
			name = Debug;
		};
		98EF7DF108645714007BC81A /* Profile */ = {
			isa = XCBuildConfiguration;
			baseConfigurationReference = 1B7BB7E90CBE20D500484A9E /* Profile.xcconfig */;
			buildSettings = {
				SYMROOT = ../build;
			};
			name = Profile;
		};
		98EFD2D80B58457D00AD4492 /* Release */ = {
			isa = XCBuildConfiguration;
			buildSettings = {
				CURRENT_PROJECT_VERSION = 401;
				INFOPLIST_FILE = Info.plist;
				INSTALL_PATH = "$(USER_APPS_DIR)";
				PRODUCT_NAME = "Spark Daemon";
			};
			name = Release;
		};
		98EFD2D90B58457D00AD4492 /* Release */ = {
			isa = XCBuildConfiguration;
			baseConfigurationReference = 1B7BB7EA0CBE20D500484A9E /* Release.xcconfig */;
			buildSettings = {
				SYMROOT = ../build;
			};
			name = Release;
		};
/* End XCBuildConfiguration section */

/* Begin XCConfigurationList section */
		98EF7DEA08645714007BC81A /* Build configuration list for PBXNativeTarget "Spark Daemon" */ = {
			isa = XCConfigurationList;
			buildConfigurations = (
				98EF7DEB08645714007BC81A /* Debug */,
				98EF7DEC08645714007BC81A /* Profile */,
				98EFD2D80B58457D00AD4492 /* Release */,
			);
			defaultConfigurationIsVisible = 0;
			defaultConfigurationName = Debug;
		};
		98EF7DEF08645714007BC81A /* Build configuration list for PBXProject "SparkDaemon" */ = {
			isa = XCConfigurationList;
			buildConfigurations = (
				98EF7DF008645714007BC81A /* Debug */,
				98EF7DF108645714007BC81A /* Profile */,
				98EFD2D90B58457D00AD4492 /* Release */,
			);
			defaultConfigurationIsVisible = 0;
			defaultConfigurationName = Debug;
		};
/* End XCConfigurationList section */
	};
	rootObject = 29B97313FDCFA39411CA2CEA /* Project object */;
}
