// !$*UTF8*$!
{
	archiveVersion = 1;
	classes = {
	};
	objectVersion = 42;
	objects = {

/* Begin PBXAggregateTarget section */
		9821FF0905E04D7600967EA5 /* Frameworks */ = {
			isa = PBXAggregateTarget;
			buildConfigurationList = 98FF7B270857B50600611EDE /* Build configuration list for PBXAggregateTarget "Frameworks" */;
			buildPhases = (
			);
			dependencies = (
				98EF838D086464FC007BC81A /* PBXTargetDependency */,
				98EF838B086464FC007BC81A /* PBXTargetDependency */,
			);
			name = Frameworks;
			productName = Frameworks;
		};
		983674730699D34900DF2C6A /* Plugins */ = {
			isa = PBXAggregateTarget;
			buildConfigurationList = 98FF7B310857B50600611EDE /* Build configuration list for PBXAggregateTarget "Plugins" */;
			buildPhases = (
			);
			dependencies = (
				98EF839508646510007BC81A /* PBXTargetDependency */,
			);
			name = Plugins;
			productName = Test;
		};
		9840325B06067AB100AB5262 /* All */ = {
			isa = PBXAggregateTarget;
			buildConfigurationList = 98FF7B360857B50600611EDE /* Build configuration list for PBXAggregateTarget "All" */;
			buildPhases = (
			);
			dependencies = (
				9840325D06067AB700AB5262 /* PBXTargetDependency */,
				9889CF4606B418550037768F /* PBXTargetDependency */,
				9840325F06067ABB00AB5262 /* PBXTargetDependency */,
				98C12D1B08CE14C20015CB91 /* PBXTargetDependency */,
			);
			name = All;
			productName = All;
		};
		988221D70699F391008E869E /* Daemon */ = {
			isa = PBXAggregateTarget;
			buildConfigurationList = 98FF7B2C0857B50600611EDE /* Build configuration list for PBXAggregateTarget "Daemon" */;
			buildPhases = (
			);
			dependencies = (
				98EF839108646508007BC81A /* PBXTargetDependency */,
			);
			name = Daemon;
			productName = "Daemon & Co.";
		};
		98E65AB306B40FFF00F73A19 /* Spark */ = {
			isa = PBXAggregateTarget;
			buildConfigurationList = 98FF7B3B0857B50600611EDE /* Build configuration list for PBXAggregateTarget "Spark" */;
			buildPhases = (
			);
			dependencies = (
				98E65AB706B4101000F73A19 /* PBXTargetDependency */,
				98C12D1908CE14B60015CB91 /* PBXTargetDependency */,
			);
			name = Spark;
			productName = Spark;
		};
/* End PBXAggregateTarget section */

/* Begin PBXContainerItemProxy section */
		9840325C06067AB700AB5262 /* PBXContainerItemProxy */ = {
			isa = PBXContainerItemProxy;
			containerPortal = 29B97313FDCFA39411CA2CEA /* Project object */;
			proxyType = 1;
			remoteGlobalIDString = 9821FF0905E04D7600967EA5;
			remoteInfo = Frameworks;
		};
		9840325E06067ABB00AB5262 /* PBXContainerItemProxy */ = {
			isa = PBXContainerItemProxy;
			containerPortal = 29B97313FDCFA39411CA2CEA /* Project object */;
			proxyType = 1;
			remoteGlobalIDString = 983674730699D34900DF2C6A;
			remoteInfo = Plugins;
		};
		985187A40AB81D5600685FF7 /* PBXContainerItemProxy */ = {
			isa = PBXContainerItemProxy;
			containerPortal = 983674620699D31000DF2C6A /* Spark Plugins.xcodeproj */;
			proxyType = 2;
			remoteGlobalIDString = 98789DD20AB4A10D00C35052 /* Simulator.app */;
			remoteInfo = Simulator;
		};
		9867592A096B41BC00BB8A25 /* PBXContainerItemProxy */ = {
			isa = PBXContainerItemProxy;
			containerPortal = 98D614B106B3DBA100CBC985 /* SparkKit.xcodeproj */;
			proxyType = 2;
			remoteGlobalIDString = 98C56D34096B348400ABE1EF;
			remoteInfo = ShadowKit;
		};
		9889CF4506B418550037768F /* PBXContainerItemProxy */ = {
			isa = PBXContainerItemProxy;
			containerPortal = 29B97313FDCFA39411CA2CEA /* Project object */;
			proxyType = 1;
			remoteGlobalIDString = 988221D70699F391008E869E;
			remoteInfo = Daemon;
		};
		98C12D1808CE14B60015CB91 /* PBXContainerItemProxy */ = {
			isa = PBXContainerItemProxy;
			containerPortal = 98E65AB006B40FDD00F73A19 /* Spark Editor.xcodeproj */;
			proxyType = 1;
			remoteGlobalIDString = 8D1107260486CEB800E47090;
			remoteInfo = Spark;
		};
		98C12D1A08CE14C20015CB91 /* PBXContainerItemProxy */ = {
			isa = PBXContainerItemProxy;
			containerPortal = 98E65AB006B40FDD00F73A19 /* Spark Editor.xcodeproj */;
			proxyType = 1;
			remoteGlobalIDString = 8D1107260486CEB800E47090;
			remoteInfo = Spark;
		};
		98C61C2B0A58140C0004E6EF /* PBXContainerItemProxy */ = {
			isa = PBXContainerItemProxy;
			containerPortal = 98D61B8506B3E5FB00CBC985 /* HotKeyToolKit.xcodeproj */;
			proxyType = 2;
			remoteGlobalIDString = 98C61C1A0A5813EB0004E6EF;
			remoteInfo = UITester;
		};
		98DC31330A57FACC001E1415 /* PBXContainerItemProxy */ = {
			isa = PBXContainerItemProxy;
			containerPortal = 98D61B8506B3E5FB00CBC985 /* HotKeyToolKit.xcodeproj */;
			proxyType = 2;
			remoteGlobalIDString = 98643F000A556F2200260086;
			remoteInfo = Test;
		};
		98DC31350A57FACC001E1415 /* PBXContainerItemProxy */ = {
			isa = PBXContainerItemProxy;
			containerPortal = 98D61B8506B3E5FB00CBC985 /* HotKeyToolKit.xcodeproj */;
			proxyType = 2;
			remoteGlobalIDString = 98E204A00A56FE6500EB74E1;
			remoteInfo = Runner;
		};
		98E65AB606B4101000F73A19 /* PBXContainerItemProxy */ = {
			isa = PBXContainerItemProxy;
			containerPortal = 29B97313FDCFA39411CA2CEA /* Project object */;
			proxyType = 1;
			remoteGlobalIDString = 9821FF0905E04D7600967EA5;
			remoteInfo = Frameworks;
		};
		98EF8348086464B5007BC81A /* PBXContainerItemProxy */ = {
			isa = PBXContainerItemProxy;
			containerPortal = 98D614B106B3DBA100CBC985 /* SparkKit.xcodeproj */;
			proxyType = 2;
			remoteGlobalIDString = 8DC2EF5B0486A6940098B216;
			remoteInfo = SparkKit;
		};
		98EF8359086464D2007BC81A /* PBXContainerItemProxy */ = {
			isa = PBXContainerItemProxy;
			containerPortal = 983674620699D31000DF2C6A /* Spark Plugins.xcodeproj */;
			proxyType = 2;
			remoteGlobalIDString = 9832875F079602BE00DB780A;
			remoteInfo = Labo;
		};
		98EF835B086464D2007BC81A /* PBXContainerItemProxy */ = {
			isa = PBXContainerItemProxy;
			containerPortal = 983674620699D31000DF2C6A /* Spark Plugins.xcodeproj */;
			proxyType = 2;
			remoteGlobalIDString = 98FC44D406063A21003617CA;
			remoteInfo = Power;
		};
		98EF835D086464D2007BC81A /* PBXContainerItemProxy */ = {
			isa = PBXContainerItemProxy;
			containerPortal = 983674620699D31000DF2C6A /* Spark Plugins.xcodeproj */;
			proxyType = 2;
			remoteGlobalIDString = 8D5B49B6048680CD000E48DA;
			remoteInfo = iTunes;
		};
		98EF835F086464D2007BC81A /* PBXContainerItemProxy */ = {
			isa = PBXContainerItemProxy;
			containerPortal = 983674620699D31000DF2C6A /* Spark Plugins.xcodeproj */;
			proxyType = 2;
			remoteGlobalIDString = 98FC46400606437C003617CA;
			remoteInfo = Document;
		};
		98EF8361086464D2007BC81A /* PBXContainerItemProxy */ = {
			isa = PBXContainerItemProxy;
			containerPortal = 983674620699D31000DF2C6A /* Spark Plugins.xcodeproj */;
			proxyType = 2;
			remoteGlobalIDString = 98FC45A306063D6A003617CA;
			remoteInfo = Application;
		};
		98EF8363086464D2007BC81A /* PBXContainerItemProxy */ = {
			isa = PBXContainerItemProxy;
			containerPortal = 983674620699D31000DF2C6A /* Spark Plugins.xcodeproj */;
			proxyType = 2;
			remoteGlobalIDString = 98FC453F06063BF2003617CA;
			remoteInfo = AppleScript;
		};
		98EF836E086464E0007BC81A /* PBXContainerItemProxy */ = {
			isa = PBXContainerItemProxy;
			containerPortal = 988221C90699F351008E869E /* SparkServer.xcodeproj */;
			proxyType = 2;
			remoteGlobalIDString = 98B20D6A06A54814008BA3F6;
			remoteInfo = "Spark Daemon";
		};
		98EF837B086464E7007BC81A /* PBXContainerItemProxy */ = {
			isa = PBXContainerItemProxy;
			containerPortal = 98E65AB006B40FDD00F73A19 /* Spark Editor.xcodeproj */;
			proxyType = 2;
			remoteGlobalIDString = 98240159060C7ABE00A0DB07;
			remoteInfo = Spark;
		};
		98EF8388086464EF007BC81A /* PBXContainerItemProxy */ = {
			isa = PBXContainerItemProxy;
			containerPortal = 98D61B8506B3E5FB00CBC985 /* HotKeyToolKit.xcodeproj */;
			proxyType = 2;
			remoteGlobalIDString = 8DC2EF5B0486A6940098B216;
			remoteInfo = HotKeyToolKit;
		};
		98EF838A086464FC007BC81A /* PBXContainerItemProxy */ = {
			isa = PBXContainerItemProxy;
			containerPortal = 98D614B106B3DBA100CBC985 /* SparkKit.xcodeproj */;
			proxyType = 1;
			remoteGlobalIDString = 8DC2EF4F0486A6940098B216;
			remoteInfo = SparkKit;
		};
		98EF838C086464FC007BC81A /* PBXContainerItemProxy */ = {
			isa = PBXContainerItemProxy;
			containerPortal = 98D61B8506B3E5FB00CBC985 /* HotKeyToolKit.xcodeproj */;
			proxyType = 1;
			remoteGlobalIDString = 8DC2EF4F0486A6940098B216;
			remoteInfo = HotKeyToolKit;
		};
		98EF839008646508007BC81A /* PBXContainerItemProxy */ = {
			isa = PBXContainerItemProxy;
			containerPortal = 988221C90699F351008E869E /* SparkServer.xcodeproj */;
			proxyType = 1;
			remoteGlobalIDString = 98B20D6906A54814008BA3F6;
			remoteInfo = "Spark Daemon";
		};
		98EF839408646510007BC81A /* PBXContainerItemProxy */ = {
			isa = PBXContainerItemProxy;
			containerPortal = 983674620699D31000DF2C6A /* Spark Plugins.xcodeproj */;
			proxyType = 1;
			remoteGlobalIDString = 98FC452006063BAD003617CA;
			remoteInfo = All;
		};
/* End PBXContainerItemProxy section */

/* Begin PBXFileReference section */
		29B97324FDCFA39411CA2CEA /* AppKit.framework */ = {isa = PBXFileReference; lastKnownFileType = wrapper.framework; name = AppKit.framework; path = /System/Library/Frameworks/AppKit.framework; sourceTree = "<absolute>"; };
		29B97325FDCFA39411CA2CEA /* Foundation.framework */ = {isa = PBXFileReference; lastKnownFileType = wrapper.framework; name = Foundation.framework; path = /System/Library/Frameworks/Foundation.framework; sourceTree = "<absolute>"; };
		9833842E06B4121100AB8299 /* HKHotKey.h */ = {isa = PBXFileReference; fileEncoding = 30; lastKnownFileType = sourcecode.c.h; path = HKHotKey.h; sourceTree = "<group>"; };
		9833843006B4121100AB8299 /* HKHotKeyManager.h */ = {isa = PBXFileReference; fileEncoding = 30; lastKnownFileType = sourcecode.c.h; path = HKHotKeyManager.h; sourceTree = "<group>"; };
		9833843106B4121100AB8299 /* HKHotKeyRegister.h */ = {isa = PBXFileReference; fileEncoding = 30; lastKnownFileType = sourcecode.c.h; path = HKHotKeyRegister.h; sourceTree = "<group>"; };
		9833843206B4121100AB8299 /* HKKeyboardUtils.h */ = {isa = PBXFileReference; fileEncoding = 30; lastKnownFileType = sourcecode.c.h; path = HKKeyboardUtils.h; sourceTree = "<group>"; };
		9833843306B4121100AB8299 /* HKKeyMap.h */ = {isa = PBXFileReference; fileEncoding = 30; lastKnownFileType = sourcecode.c.h; path = HKKeyMap.h; sourceTree = "<group>"; };
		9833843406B4121100AB8299 /* HKTrapWindow.h */ = {isa = PBXFileReference; fileEncoding = 30; lastKnownFileType = sourcecode.c.h; path = HKTrapWindow.h; sourceTree = "<group>"; };
		9833843506B4121100AB8299 /* HotKeyToolKit.h */ = {isa = PBXFileReference; fileEncoding = 30; lastKnownFileType = sourcecode.c.h; name = HotKeyToolKit.h; path = HotKeyToolKit/Headers/HotKeyToolKit.h; sourceTree = "<group>"; };
		9833843606B4121100AB8299 /* KeyMap.h */ = {isa = PBXFileReference; fileEncoding = 30; lastKnownFileType = sourcecode.c.h; path = KeyMap.h; sourceTree = "<group>"; };
		9833843706B4122900AB8299 /* HKTrapWindow.m */ = {isa = PBXFileReference; fileEncoding = 30; lastKnownFileType = sourcecode.c.objc; name = HKTrapWindow.m; path = HotKeyToolKit/HKTrapWindow.m; sourceTree = "<group>"; };
		9833843806B4122900AB8299 /* HKKeyMap.m */ = {isa = PBXFileReference; fileEncoding = 30; lastKnownFileType = sourcecode.c.objc; name = HKKeyMap.m; path = HotKeyToolKit/HKKeyMap.m; sourceTree = "<group>"; };
		9833843906B4122900AB8299 /* KeyMap.m */ = {isa = PBXFileReference; fileEncoding = 30; lastKnownFileType = sourcecode.c.objc; name = KeyMap.m; path = HotKeyToolKit/KeyMap.m; sourceTree = "<group>"; };
		9833843A06B4122900AB8299 /* HKHotKey.m */ = {isa = PBXFileReference; fileEncoding = 30; lastKnownFileType = sourcecode.c.objc; name = HKHotKey.m; path = HotKeyToolKit/HKHotKey.m; sourceTree = "<group>"; };
		9833843B06B4122900AB8299 /* HKHotKeyRegister.m */ = {isa = PBXFileReference; fileEncoding = 30; lastKnownFileType = sourcecode.c.objc; name = HKHotKeyRegister.m; path = HotKeyToolKit/HKHotKeyRegister.m; sourceTree = "<group>"; };
		9833843C06B4122900AB8299 /* HKKeyboardUtils.m */ = {isa = PBXFileReference; fileEncoding = 30; lastKnownFileType = sourcecode.c.objc; name = HKKeyboardUtils.m; path = HotKeyToolKit/HKKeyboardUtils.m; sourceTree = "<group>"; };
		9833843D06B4122900AB8299 /* HKHotKeyManager.m */ = {isa = PBXFileReference; fileEncoding = 30; lastKnownFileType = sourcecode.c.objc; name = HKHotKeyManager.m; path = HotKeyToolKit/HKHotKeyManager.m; sourceTree = "<group>"; };
		983674620699D31000DF2C6A /* Spark Plugins.xcodeproj */ = {isa = PBXFileReference; lastKnownFileType = "wrapper.pb-project"; name = "Spark Plugins.xcodeproj"; path = "SparkPlugins/Spark Plugins.xcodeproj"; sourceTree = "<group>"; };
		983E4E76058939D900AC8AA1 /* Carbon.framework */ = {isa = PBXFileReference; lastKnownFileType = wrapper.framework; name = Carbon.framework; path = /System/Library/Frameworks/Carbon.framework; sourceTree = "<absolute>"; };
		9863301406E5B38C0029CEB7 /* SparkAction.m */ = {isa = PBXFileReference; fileEncoding = 30; lastKnownFileType = sourcecode.c.objc; name = SparkAction.m; path = SparkKit/SparkAction.m; sourceTree = "<group>"; };
		9863301506E5B3980029CEB7 /* SparkActionLibrary.m */ = {isa = PBXFileReference; fileEncoding = 30; lastKnownFileType = sourcecode.c.objc; name = SparkActionLibrary.m; path = SparkKit/SparkActionLibrary.m; sourceTree = "<group>"; };
		9863301C06E5B3A70029CEB7 /* SparkAction.h */ = {isa = PBXFileReference; fileEncoding = 30; lastKnownFileType = sourcecode.c.h; path = SparkAction.h; sourceTree = "<group>"; };
		9863301D06E5B3B60029CEB7 /* SparkActionLibrary.h */ = {isa = PBXFileReference; fileEncoding = 30; lastKnownFileType = sourcecode.c.h; path = SparkActionLibrary.h; sourceTree = "<group>"; };
		98660BBB06E710CF00049957 /* ITunesAction.h */ = {isa = PBXFileReference; fileEncoding = 30; lastKnownFileType = sourcecode.c.h; path = ITunesAction.h; sourceTree = "<group>"; };
		98660BBC06E710CF00049957 /* ITunesActionPlugin.h */ = {isa = PBXFileReference; fileEncoding = 30; lastKnownFileType = sourcecode.c.h; path = ITunesActionPlugin.h; sourceTree = "<group>"; };
		98660BBD06E710CF00049957 /* iTunesAESuite.h */ = {isa = PBXFileReference; fileEncoding = 30; lastKnownFileType = sourcecode.c.h; path = iTunesAESuite.h; sourceTree = "<group>"; };
		98660BBF06E710CF00049957 /* ITunesAction.m */ = {isa = PBXFileReference; fileEncoding = 30; lastKnownFileType = sourcecode.c.objc; path = ITunesAction.m; sourceTree = "<group>"; };
		98660BC006E710CF00049957 /* ITunesActionPlugin.m */ = {isa = PBXFileReference; fileEncoding = 30; lastKnownFileType = sourcecode.c.objc; path = ITunesActionPlugin.m; sourceTree = "<group>"; };
		98660BC106E710CF00049957 /* iTunesAESuite.c */ = {isa = PBXFileReference; fileEncoding = 30; lastKnownFileType = sourcecode.c.c; path = iTunesAESuite.c; sourceTree = "<group>"; };
		98660BE406E710CF00049957 /* PowerAction.h */ = {isa = PBXFileReference; fileEncoding = 30; lastKnownFileType = sourcecode.c.h; path = PowerAction.h; sourceTree = "<group>"; };
		98660BE506E710CF00049957 /* PowerActionPlugin.h */ = {isa = PBXFileReference; fileEncoding = 30; lastKnownFileType = sourcecode.c.h; path = PowerActionPlugin.h; sourceTree = "<group>"; };
		98660BE706E710CF00049957 /* PowerAction.m */ = {isa = PBXFileReference; fileEncoding = 30; lastKnownFileType = sourcecode.c.objc; path = PowerAction.m; sourceTree = "<group>"; };
		98660BE806E710CF00049957 /* PowerActionPlugin.m */ = {isa = PBXFileReference; fileEncoding = 30; lastKnownFileType = sourcecode.c.objc; path = PowerActionPlugin.m; sourceTree = "<group>"; };
		98660C0706E710CF00049957 /* ApplicationMenu.m */ = {isa = PBXFileReference; fileEncoding = 30; lastKnownFileType = sourcecode.c.objc; path = ApplicationMenu.m; sourceTree = "<group>"; };
		98660C0806E710CF00049957 /* DocumentAction.m */ = {isa = PBXFileReference; fileEncoding = 30; lastKnownFileType = sourcecode.c.objc; path = DocumentAction.m; sourceTree = "<group>"; };
		98660C0906E710CF00049957 /* DocumentActionPlugin.m */ = {isa = PBXFileReference; fileEncoding = 30; lastKnownFileType = sourcecode.c.objc; path = DocumentActionPlugin.m; sourceTree = "<group>"; };
		98660C0B06E710CF00049957 /* ApplicationMenu.h */ = {isa = PBXFileReference; fileEncoding = 30; lastKnownFileType = sourcecode.c.h; path = ApplicationMenu.h; sourceTree = "<group>"; };
		98660C0C06E710CF00049957 /* DocumentAction.h */ = {isa = PBXFileReference; fileEncoding = 30; lastKnownFileType = sourcecode.c.h; path = DocumentAction.h; sourceTree = "<group>"; };
		98660C0D06E710CF00049957 /* DocumentActionPlugin.h */ = {isa = PBXFileReference; fileEncoding = 30; lastKnownFileType = sourcecode.c.h; path = DocumentActionPlugin.h; sourceTree = "<group>"; };
		98660C2906E710CF00049957 /* AppleScriptAction.m */ = {isa = PBXFileReference; fileEncoding = 30; lastKnownFileType = sourcecode.c.objc; path = AppleScriptAction.m; sourceTree = "<group>"; };
		98660C2A06E710CF00049957 /* AppleScriptActionPlugin.m */ = {isa = PBXFileReference; fileEncoding = 30; lastKnownFileType = sourcecode.c.objc; path = AppleScriptActionPlugin.m; sourceTree = "<group>"; };
		98660C2C06E710CF00049957 /* AppleScriptAction.h */ = {isa = PBXFileReference; fileEncoding = 30; lastKnownFileType = sourcecode.c.h; path = AppleScriptAction.h; sourceTree = "<group>"; };
		98660C2D06E710CF00049957 /* AppleScriptActionPlugin.h */ = {isa = PBXFileReference; fileEncoding = 30; lastKnownFileType = sourcecode.c.h; path = AppleScriptActionPlugin.h; sourceTree = "<group>"; };
		98660C4D06E710D000049957 /* ApplicationAction.m */ = {isa = PBXFileReference; fileEncoding = 30; lastKnownFileType = sourcecode.c.objc; path = ApplicationAction.m; sourceTree = "<group>"; };
		98660C4E06E710D000049957 /* ApplicationActionPlugin.m */ = {isa = PBXFileReference; fileEncoding = 30; lastKnownFileType = sourcecode.c.objc; path = ApplicationActionPlugin.m; sourceTree = "<group>"; };
		98660C4F06E710D000049957 /* ASExtension.c */ = {isa = PBXFileReference; fileEncoding = 30; lastKnownFileType = sourcecode.c.c; path = ASExtension.c; sourceTree = "<group>"; };
		98660C5106E710D000049957 /* ApplicationAction.h */ = {isa = PBXFileReference; fileEncoding = 30; lastKnownFileType = sourcecode.c.h; path = ApplicationAction.h; sourceTree = "<group>"; };
		98660C5206E710D000049957 /* ApplicationActionPlugin.h */ = {isa = PBXFileReference; fileEncoding = 30; lastKnownFileType = sourcecode.c.h; path = ApplicationActionPlugin.h; sourceTree = "<group>"; };
		98660C5306E710D000049957 /* ASExtension.h */ = {isa = PBXFileReference; fileEncoding = 30; lastKnownFileType = sourcecode.c.h; path = ASExtension.h; sourceTree = "<group>"; };
		98660C6E06E7112E00049957 /* SparkActionList.m */ = {isa = PBXFileReference; fileEncoding = 30; lastKnownFileType = sourcecode.c.objc; name = SparkActionList.m; path = SparkKit/SparkActionList.m; sourceTree = "<group>"; };
		98660C6F06E7113A00049957 /* SparkObjectList.m */ = {isa = PBXFileReference; fileEncoding = 30; lastKnownFileType = sourcecode.c.objc; name = SparkObjectList.m; path = SparkKit/SparkObjectList.m; sourceTree = "<group>"; };
		98660C7006E7114800049957 /* SparkActionList.h */ = {isa = PBXFileReference; fileEncoding = 30; lastKnownFileType = sourcecode.c.h; path = SparkActionList.h; sourceTree = "<group>"; };
		98660C7106E7114D00049957 /* SparkObjectList.h */ = {isa = PBXFileReference; fileEncoding = 30; lastKnownFileType = sourcecode.c.h; path = SparkObjectList.h; sourceTree = "<group>"; };
		9878FBD406C0604500AA3120 /* AEScript.c */ = {isa = PBXFileReference; fileEncoding = 30; lastKnownFileType = sourcecode.c.c; path = AEScript.c; sourceTree = "<group>"; };
		9878FBD706C0604500AA3120 /* AEScript.h */ = {isa = PBXFileReference; fileEncoding = 30; lastKnownFileType = sourcecode.c.h; path = AEScript.h; sourceTree = "<group>"; };
		9878FBD806C0604500AA3120 /* SparkDaemon.h */ = {isa = PBXFileReference; fileEncoding = 30; lastKnownFileType = sourcecode.c.h; path = SparkDaemon.h; sourceTree = "<group>"; };
		9878FBDA06C0604500AA3120 /* ServerProtocol.m */ = {isa = PBXFileReference; fileEncoding = 30; lastKnownFileType = sourcecode.c.objc; path = ServerProtocol.m; sourceTree = "<group>"; };
		9878FBDB06C0604500AA3120 /* SparkDaemon.m */ = {isa = PBXFileReference; fileEncoding = 30; lastKnownFileType = sourcecode.c.objc; path = SparkDaemon.m; sourceTree = "<group>"; };
		988221C90699F351008E869E /* SparkServer.xcodeproj */ = {isa = PBXFileReference; explicitFileType = "wrapper.pb-project"; name = SparkServer.xcodeproj; path = SparkDaemon/SparkServer.xcodeproj; sourceTree = "<group>"; };
		98B2140606D1038B0001FDB5 /* HKAXUIExtensions.m */ = {isa = PBXFileReference; fileEncoding = 30; lastKnownFileType = sourcecode.c.objc; name = HKAXUIExtensions.m; path = HotKeyToolKit/HKAXUIExtensions.m; sourceTree = "<group>"; };
		98B2140706D103950001FDB5 /* HKAXUIExtensions.h */ = {isa = PBXFileReference; fileEncoding = 30; lastKnownFileType = sourcecode.c.h; path = HKAXUIExtensions.h; sourceTree = "<group>"; };
		98B4816A0773820A005E79E7 /* ScriptHandler.m */ = {isa = PBXFileReference; fileEncoding = 4; lastKnownFileType = sourcecode.c.objc; path = ScriptHandler.m; sourceTree = "<group>"; };
		98B4816B0773820A005E79E7 /* ServerController.m */ = {isa = PBXFileReference; fileEncoding = 4; lastKnownFileType = sourcecode.c.objc; path = ServerController.m; sourceTree = "<group>"; };
		98B4816C0773820A005E79E7 /* Spark.m */ = {isa = PBXFileReference; fileEncoding = 4; lastKnownFileType = sourcecode.c.objc; name = Spark.m; path = Classes/Spark.m; sourceTree = "<group>"; };
		98B4816E0773820A005E79E7 /* ActionLibraryList.m */ = {isa = PBXFileReference; fileEncoding = 4; lastKnownFileType = sourcecode.c.objc; path = ActionLibraryList.m; sourceTree = "<group>"; };
		98B4816F0773820A005E79E7 /* ActionPlugInList.m */ = {isa = PBXFileReference; fileEncoding = 4; lastKnownFileType = sourcecode.c.objc; path = ActionPlugInList.m; sourceTree = "<group>"; };
		98B481700773820A005E79E7 /* ApplicationLibraryList.m */ = {isa = PBXFileReference; fileEncoding = 4; lastKnownFileType = sourcecode.c.objc; path = ApplicationLibraryList.m; sourceTree = "<group>"; };
		98B481710773820A005E79E7 /* CustomActionList.m */ = {isa = PBXFileReference; fileEncoding = 4; lastKnownFileType = sourcecode.c.objc; path = CustomActionList.m; sourceTree = "<group>"; };
		98B481720773820A005E79E7 /* KeyLibraryList.m */ = {isa = PBXFileReference; fileEncoding = 4; lastKnownFileType = sourcecode.c.objc; path = KeyLibraryList.m; sourceTree = "<group>"; };
		98B481730773820A005E79E7 /* KeyPlugInList.m */ = {isa = PBXFileReference; fileEncoding = 4; lastKnownFileType = sourcecode.c.objc; path = KeyPlugInList.m; sourceTree = "<group>"; };
		98B481740773820A005E79E7 /* KeyWarningList.m */ = {isa = PBXFileReference; fileEncoding = 4; lastKnownFileType = sourcecode.c.objc; path = KeyWarningList.m; sourceTree = "<group>"; };
		98B481760773820A005E79E7 /* ExporterUI.m */ = {isa = PBXFileReference; fileEncoding = 4; lastKnownFileType = sourcecode.c.objc; path = ExporterUI.m; sourceTree = "<group>"; };
		98B481770773820A005E79E7 /* SparkExporter.m */ = {isa = PBXFileReference; fileEncoding = 4; lastKnownFileType = sourcecode.c.objc; path = SparkExporter.m; sourceTree = "<group>"; };
		98B481780773820A005E79E7 /* SparkImporter.m */ = {isa = PBXFileReference; fileEncoding = 4; lastKnownFileType = sourcecode.c.objc; path = SparkImporter.m; sourceTree = "<group>"; };
		98B4817A0773820A005E79E7 /* ActionEditorController.m */ = {isa = PBXFileReference; fileEncoding = 4; lastKnownFileType = sourcecode.c.objc; path = ActionEditorController.m; sourceTree = "<group>"; };
		98B4817B0773820A005E79E7 /* ActionLibraryController.m */ = {isa = PBXFileReference; fileEncoding = 4; lastKnownFileType = sourcecode.c.objc; path = ActionLibraryController.m; sourceTree = "<group>"; };
		98B4817C0773820A005E79E7 /* AppActionEditor.m */ = {isa = PBXFileReference; fileEncoding = 4; lastKnownFileType = sourcecode.c.objc; path = AppActionEditor.m; sourceTree = "<group>"; };
		98B4817D0773820A005E79E7 /* ApplicationLibraryController.m */ = {isa = PBXFileReference; fileEncoding = 4; lastKnownFileType = sourcecode.c.objc; path = ApplicationLibraryController.m; sourceTree = "<group>"; };
		98B4817E0773820A005E79E7 /* ChoosePanel.m */ = {isa = PBXFileReference; fileEncoding = 4; lastKnownFileType = sourcecode.c.objc; path = ChoosePanel.m; sourceTree = "<group>"; };
		98B481800773820A005E79E7 /* ApplicationsTableDataSource.m */ = {isa = PBXFileReference; fileEncoding = 4; lastKnownFileType = sourcecode.c.objc; path = ApplicationsTableDataSource.m; sourceTree = "<group>"; };
		98B481810773820A005E79E7 /* CustomTableDataSource.m */ = {isa = PBXFileReference; fileEncoding = 4; lastKnownFileType = sourcecode.c.objc; path = CustomTableDataSource.m; sourceTree = "<group>"; };
		98B481820773820A005E79E7 /* ListsTableDataSource.m */ = {isa = PBXFileReference; fileEncoding = 4; lastKnownFileType = sourcecode.c.objc; path = ListsTableDataSource.m; sourceTree = "<group>"; };
		98B481830773820A005E79E7 /* ObjectsTableDataSource.m */ = {isa = PBXFileReference; fileEncoding = 4; lastKnownFileType = sourcecode.c.objc; path = ObjectsTableDataSource.m; sourceTree = "<group>"; };
		98B481840773820A005E79E7 /* FirstRunController.m */ = {isa = PBXFileReference; fileEncoding = 4; lastKnownFileType = sourcecode.c.objc; path = FirstRunController.m; sourceTree = "<group>"; };
		98B481850773820A005E79E7 /* InspectorController.m */ = {isa = PBXFileReference; fileEncoding = 4; lastKnownFileType = sourcecode.c.objc; path = InspectorController.m; sourceTree = "<group>"; };
		98B481860773820A005E79E7 /* KeyEditorController.m */ = {isa = PBXFileReference; fileEncoding = 4; lastKnownFileType = sourcecode.c.objc; path = KeyEditorController.m; sourceTree = "<group>"; };
		98B481870773820A005E79E7 /* KeyLibraryController.m */ = {isa = PBXFileReference; fileEncoding = 4; lastKnownFileType = sourcecode.c.objc; path = KeyLibraryController.m; sourceTree = "<group>"; };
		98B481880773820A005E79E7 /* LibraryController.m */ = {isa = PBXFileReference; fileEncoding = 4; lastKnownFileType = sourcecode.c.objc; path = LibraryController.m; sourceTree = "<group>"; };
		98B481890773820A005E79E7 /* LibraryWindowController.m */ = {isa = PBXFileReference; fileEncoding = 4; lastKnownFileType = sourcecode.c.objc; path = LibraryWindowController.m; sourceTree = "<group>"; };
		98B4818A0773820A005E79E7 /* ListEditorController.m */ = {isa = PBXFileReference; fileEncoding = 4; lastKnownFileType = sourcecode.c.objc; path = ListEditorController.m; sourceTree = "<group>"; };
		98B4818B0773820A005E79E7 /* ObjectEditorController.m */ = {isa = PBXFileReference; fileEncoding = 4; lastKnownFileType = sourcecode.c.objc; path = ObjectEditorController.m; sourceTree = "<group>"; };
		98B4818C0773820A005E79E7 /* PluginHelpController.m */ = {isa = PBXFileReference; fileEncoding = 4; lastKnownFileType = sourcecode.c.objc; path = PluginHelpController.m; sourceTree = "<group>"; };
		98B4818D0773820A005E79E7 /* PluginInstaller.m */ = {isa = PBXFileReference; fileEncoding = 4; lastKnownFileType = sourcecode.c.objc; path = PluginInstaller.m; sourceTree = "<group>"; };
		98B4818E0773820A005E79E7 /* Preferences.m */ = {isa = PBXFileReference; fileEncoding = 4; lastKnownFileType = sourcecode.c.objc; path = Preferences.m; sourceTree = "<group>"; };
		98B4818F0773820A005E79E7 /* TableAlertController.m */ = {isa = PBXFileReference; fileEncoding = 4; lastKnownFileType = sourcecode.c.objc; path = TableAlertController.m; sourceTree = "<group>"; };
		98B481910773820A005E79E7 /* ActionEditor.m */ = {isa = PBXFileReference; fileEncoding = 4; lastKnownFileType = sourcecode.c.objc; path = ActionEditor.m; sourceTree = "<group>"; };
		98B481930773820A005E79E7 /* CustomOutlineView.m */ = {isa = PBXFileReference; fileEncoding = 4; lastKnownFileType = sourcecode.c.objc; path = CustomOutlineView.m; sourceTree = "<group>"; };
		98B481940773820A005E79E7 /* CustomTableView.m */ = {isa = PBXFileReference; fileEncoding = 4; lastKnownFileType = sourcecode.c.objc; path = CustomTableView.m; sourceTree = "<group>"; };
		98B481950773820A005E79E7 /* KeysTableView.m */ = {isa = PBXFileReference; fileEncoding = 4; lastKnownFileType = sourcecode.c.objc; path = KeysTableView.m; sourceTree = "<group>"; };
		98B481960773820A005E79E7 /* LibraryTableView.m */ = {isa = PBXFileReference; fileEncoding = 4; lastKnownFileType = sourcecode.c.objc; path = LibraryTableView.m; sourceTree = "<group>"; };
		98B481970773820A005E79E7 /* CustomToolbar.m */ = {isa = PBXFileReference; fileEncoding = 4; lastKnownFileType = sourcecode.c.objc; path = CustomToolbar.m; sourceTree = "<group>"; };
		98B481980773820A005E79E7 /* Extensions.m */ = {isa = PBXFileReference; fileEncoding = 4; lastKnownFileType = sourcecode.c.objc; path = Extensions.m; sourceTree = "<group>"; };
		98B481990773820A005E79E7 /* PluginMenu.m */ = {isa = PBXFileReference; fileEncoding = 4; lastKnownFileType = sourcecode.c.objc; path = PluginMenu.m; sourceTree = "<group>"; };
		98B4819C07738234005E79E7 /* SparkExporter.h */ = {isa = PBXFileReference; fileEncoding = 4; lastKnownFileType = sourcecode.c.h; path = SparkExporter.h; sourceTree = "<group>"; };
		98B4819D07738234005E79E7 /* SparkImporter.h */ = {isa = PBXFileReference; fileEncoding = 4; lastKnownFileType = sourcecode.c.h; path = SparkImporter.h; sourceTree = "<group>"; };
		98B4819F07738234005E79E7 /* ActionLibraryList.h */ = {isa = PBXFileReference; fileEncoding = 4; lastKnownFileType = sourcecode.c.h; path = ActionLibraryList.h; sourceTree = "<group>"; };
		98B481A007738234005E79E7 /* ActionPlugInList.h */ = {isa = PBXFileReference; fileEncoding = 4; lastKnownFileType = sourcecode.c.h; path = ActionPlugInList.h; sourceTree = "<group>"; };
		98B481A107738234005E79E7 /* ApplicationLibraryList.h */ = {isa = PBXFileReference; fileEncoding = 4; lastKnownFileType = sourcecode.c.h; path = ApplicationLibraryList.h; sourceTree = "<group>"; };
		98B481A207738234005E79E7 /* CustomActionList.h */ = {isa = PBXFileReference; fileEncoding = 4; lastKnownFileType = sourcecode.c.h; path = CustomActionList.h; sourceTree = "<group>"; };
		98B481A307738234005E79E7 /* KeyLibraryList.h */ = {isa = PBXFileReference; fileEncoding = 4; lastKnownFileType = sourcecode.c.h; path = KeyLibraryList.h; sourceTree = "<group>"; };
		98B481A407738234005E79E7 /* KeyPlugInList.h */ = {isa = PBXFileReference; fileEncoding = 4; lastKnownFileType = sourcecode.c.h; path = KeyPlugInList.h; sourceTree = "<group>"; };
		98B481A507738234005E79E7 /* KeyWarningList.h */ = {isa = PBXFileReference; fileEncoding = 4; lastKnownFileType = sourcecode.c.h; path = KeyWarningList.h; sourceTree = "<group>"; };
		98B481A707738234005E79E7 /* ScriptHandler.h */ = {isa = PBXFileReference; fileEncoding = 4; lastKnownFileType = sourcecode.c.h; path = ScriptHandler.h; sourceTree = "<group>"; };
		98B481A807738234005E79E7 /* ServerController.h */ = {isa = PBXFileReference; fileEncoding = 4; lastKnownFileType = sourcecode.c.h; path = ServerController.h; sourceTree = "<group>"; };
		98B481A907738234005E79E7 /* Spark.h */ = {isa = PBXFileReference; fileEncoding = 4; lastKnownFileType = sourcecode.c.h; path = Spark.h; sourceTree = "<group>"; };
		98B481AA07738234005E79E7 /* SparkAppleScriptSuite.h */ = {isa = PBXFileReference; fileEncoding = 4; lastKnownFileType = sourcecode.c.h; path = SparkAppleScriptSuite.h; sourceTree = "<group>"; };
		98B481AC07738234005E79E7 /* ActionEditorController.h */ = {isa = PBXFileReference; fileEncoding = 4; lastKnownFileType = sourcecode.c.h; path = ActionEditorController.h; sourceTree = "<group>"; };
		98B481AD07738234005E79E7 /* ActionLibraryController.h */ = {isa = PBXFileReference; fileEncoding = 4; lastKnownFileType = sourcecode.c.h; path = ActionLibraryController.h; sourceTree = "<group>"; };
		98B481AE07738234005E79E7 /* AppActionEditor.h */ = {isa = PBXFileReference; fileEncoding = 4; lastKnownFileType = sourcecode.c.h; path = AppActionEditor.h; sourceTree = "<group>"; };
		98B481AF07738234005E79E7 /* ApplicationLibraryController.h */ = {isa = PBXFileReference; fileEncoding = 4; lastKnownFileType = sourcecode.c.h; path = ApplicationLibraryController.h; sourceTree = "<group>"; };
		98B481B007738234005E79E7 /* ChoosePanel.h */ = {isa = PBXFileReference; fileEncoding = 4; lastKnownFileType = sourcecode.c.h; path = ChoosePanel.h; sourceTree = "<group>"; };
		98B481B207738234005E79E7 /* ApplicationsTableDataSource.h */ = {isa = PBXFileReference; fileEncoding = 4; lastKnownFileType = sourcecode.c.h; path = ApplicationsTableDataSource.h; sourceTree = "<group>"; };
		98B481B307738234005E79E7 /* CustomTableDataSource.h */ = {isa = PBXFileReference; fileEncoding = 4; lastKnownFileType = sourcecode.c.h; path = CustomTableDataSource.h; sourceTree = "<group>"; };
		98B481B407738234005E79E7 /* ListsTableDataSource.h */ = {isa = PBXFileReference; fileEncoding = 4; lastKnownFileType = sourcecode.c.h; path = ListsTableDataSource.h; sourceTree = "<group>"; };
		98B481B507738234005E79E7 /* ObjectsTableDataSource.h */ = {isa = PBXFileReference; fileEncoding = 4; lastKnownFileType = sourcecode.c.h; path = ObjectsTableDataSource.h; sourceTree = "<group>"; };
		98B481B607738234005E79E7 /* FirstRunController.h */ = {isa = PBXFileReference; fileEncoding = 4; lastKnownFileType = sourcecode.c.h; path = FirstRunController.h; sourceTree = "<group>"; };
		98B481B707738234005E79E7 /* InspectorController.h */ = {isa = PBXFileReference; fileEncoding = 4; lastKnownFileType = sourcecode.c.h; path = InspectorController.h; sourceTree = "<group>"; };
		98B481B807738234005E79E7 /* KeyEditorController.h */ = {isa = PBXFileReference; fileEncoding = 4; lastKnownFileType = sourcecode.c.h; path = KeyEditorController.h; sourceTree = "<group>"; };
		98B481B907738234005E79E7 /* KeyLibraryController.h */ = {isa = PBXFileReference; fileEncoding = 4; lastKnownFileType = sourcecode.c.h; path = KeyLibraryController.h; sourceTree = "<group>"; };
		98B481BA07738234005E79E7 /* LibraryController.h */ = {isa = PBXFileReference; fileEncoding = 4; lastKnownFileType = sourcecode.c.h; path = LibraryController.h; sourceTree = "<group>"; };
		98B481BB07738234005E79E7 /* LibraryWindowController.h */ = {isa = PBXFileReference; fileEncoding = 4; lastKnownFileType = sourcecode.c.h; path = LibraryWindowController.h; sourceTree = "<group>"; };
		98B481BC07738234005E79E7 /* ListEditorController.h */ = {isa = PBXFileReference; fileEncoding = 4; lastKnownFileType = sourcecode.c.h; path = ListEditorController.h; sourceTree = "<group>"; };
		98B481BD07738234005E79E7 /* ObjectEditorController.h */ = {isa = PBXFileReference; fileEncoding = 4; lastKnownFileType = sourcecode.c.h; path = ObjectEditorController.h; sourceTree = "<group>"; };
		98B481BE07738234005E79E7 /* PluginHelpController.h */ = {isa = PBXFileReference; fileEncoding = 4; lastKnownFileType = sourcecode.c.h; path = PluginHelpController.h; sourceTree = "<group>"; };
		98B481BF07738234005E79E7 /* PluginInstaller.h */ = {isa = PBXFileReference; fileEncoding = 4; lastKnownFileType = sourcecode.c.h; path = PluginInstaller.h; sourceTree = "<group>"; };
		98B481C007738234005E79E7 /* Preferences.h */ = {isa = PBXFileReference; fileEncoding = 4; lastKnownFileType = sourcecode.c.h; path = Preferences.h; sourceTree = "<group>"; };
		98B481C107738234005E79E7 /* TableAlertController.h */ = {isa = PBXFileReference; fileEncoding = 4; lastKnownFileType = sourcecode.c.h; path = TableAlertController.h; sourceTree = "<group>"; };
		98B481C307738234005E79E7 /* ActionEditor.h */ = {isa = PBXFileReference; fileEncoding = 4; lastKnownFileType = sourcecode.c.h; path = ActionEditor.h; sourceTree = "<group>"; };
		98B481C507738234005E79E7 /* CustomOutlineView.h */ = {isa = PBXFileReference; fileEncoding = 4; lastKnownFileType = sourcecode.c.h; path = CustomOutlineView.h; sourceTree = "<group>"; };
		98B481C607738234005E79E7 /* CustomTableView.h */ = {isa = PBXFileReference; fileEncoding = 4; lastKnownFileType = sourcecode.c.h; path = CustomTableView.h; sourceTree = "<group>"; };
		98B481C707738234005E79E7 /* KeysTableView.h */ = {isa = PBXFileReference; fileEncoding = 4; lastKnownFileType = sourcecode.c.h; path = KeysTableView.h; sourceTree = "<group>"; };
		98B481C807738234005E79E7 /* LibraryTableView.h */ = {isa = PBXFileReference; fileEncoding = 4; lastKnownFileType = sourcecode.c.h; path = LibraryTableView.h; sourceTree = "<group>"; };
		98B481C907738234005E79E7 /* CustomToolbar.h */ = {isa = PBXFileReference; fileEncoding = 4; lastKnownFileType = sourcecode.c.h; path = CustomToolbar.h; sourceTree = "<group>"; };
		98B481CA07738234005E79E7 /* Extensions.h */ = {isa = PBXFileReference; fileEncoding = 4; lastKnownFileType = sourcecode.c.h; path = Extensions.h; sourceTree = "<group>"; };
		98B481CB07738234005E79E7 /* PluginMenu.h */ = {isa = PBXFileReference; fileEncoding = 4; lastKnownFileType = sourcecode.c.h; path = PluginMenu.h; sourceTree = "<group>"; };
		98B481CF0773829A005E79E7 /* SparkObjectsLibrary.m */ = {isa = PBXFileReference; fileEncoding = 4; lastKnownFileType = sourcecode.c.objc; name = SparkObjectsLibrary.m; path = SparkKit/SparkObjectsLibrary.m; sourceTree = "<group>"; };
		98B481D0077382BB005E79E7 /* SparkObjectsLibrary.h */ = {isa = PBXFileReference; fileEncoding = 4; lastKnownFileType = sourcecode.c.h; path = SparkObjectsLibrary.h; sourceTree = "<group>"; };
		98B54B3A06D21156001BDF93 /* ShellHotKey.h */ = {isa = PBXFileReference; fileEncoding = 30; lastKnownFileType = sourcecode.c.h; path = ShellHotKey.h; sourceTree = "<group>"; };
		98B54B3B06D21156001BDF93 /* ShellKeySet.h */ = {isa = PBXFileReference; fileEncoding = 30; lastKnownFileType = sourcecode.c.h; path = ShellKeySet.h; sourceTree = "<group>"; };
		98B54B4906D21156001BDF93 /* ShellHotKey.m */ = {isa = PBXFileReference; fileEncoding = 30; lastKnownFileType = sourcecode.c.objc; path = ShellHotKey.m; sourceTree = "<group>"; };
		98B54B4A06D21156001BDF93 /* ShellKeySet.m */ = {isa = PBXFileReference; fileEncoding = 30; lastKnownFileType = sourcecode.c.objc; path = ShellKeySet.m; sourceTree = "<group>"; };
		98B54B4C06D21156001BDF93 /* ArchivesHotKey.m */ = {isa = PBXFileReference; fileEncoding = 30; lastKnownFileType = sourcecode.c.objc; path = ArchivesHotKey.m; sourceTree = "<group>"; };
		98B54B4D06D21156001BDF93 /* ArchivesKeySet.m */ = {isa = PBXFileReference; fileEncoding = 30; lastKnownFileType = sourcecode.c.objc; path = ArchivesKeySet.m; sourceTree = "<group>"; };
		98B54B4F06D21156001BDF93 /* ArchivesHotKey.h */ = {isa = PBXFileReference; fileEncoding = 30; lastKnownFileType = sourcecode.c.h; path = ArchivesHotKey.h; sourceTree = "<group>"; };
		98B54B5006D21156001BDF93 /* ArchivesKeySet.h */ = {isa = PBXFileReference; fileEncoding = 30; lastKnownFileType = sourcecode.c.h; path = ArchivesKeySet.h; sourceTree = "<group>"; };
		98B54BE906D2155A001BDF93 /* SparkConstantes.m */ = {isa = PBXFileReference; fileEncoding = 30; lastKnownFileType = sourcecode.c.objc; name = SparkConstantes.m; path = SparkKit/SparkConstantes.m; sourceTree = "<group>"; };
		98B54BEB06D21568001BDF93 /* SparkConstantes.h */ = {isa = PBXFileReference; fileEncoding = 30; lastKnownFileType = sourcecode.c.h; path = SparkConstantes.h; sourceTree = "<group>"; };
		98C6E55906FBA541000AFA2F /* SparkSerialization.h */ = {isa = PBXFileReference; fileEncoding = 30; lastKnownFileType = sourcecode.c.h; path = SparkSerialization.h; sourceTree = "<group>"; };
		98C6E55A06FBA559000AFA2F /* SparkApplication.h */ = {isa = PBXFileReference; fileEncoding = 30; lastKnownFileType = sourcecode.c.h; path = SparkApplication.h; sourceTree = "<group>"; };
		98C6E55B06FBA568000AFA2F /* SparkApplicationList.h */ = {isa = PBXFileReference; fileEncoding = 30; lastKnownFileType = sourcecode.c.h; path = SparkApplicationList.h; sourceTree = "<group>"; };
		98C6E55C06FBA572000AFA2F /* SparkApplicationLibrary.h */ = {isa = PBXFileReference; fileEncoding = 30; lastKnownFileType = sourcecode.c.h; path = SparkApplicationLibrary.h; sourceTree = "<group>"; };
		98C6E55D06FBA59D000AFA2F /* SparkSerialization.m */ = {isa = PBXFileReference; fileEncoding = 30; lastKnownFileType = sourcecode.c.objc; name = SparkSerialization.m; path = SparkKit/SparkSerialization.m; sourceTree = "<group>"; };
		98C6E55E06FBA5B0000AFA2F /* SparkApplication.m */ = {isa = PBXFileReference; fileEncoding = 30; lastKnownFileType = sourcecode.c.objc; name = SparkApplication.m; path = SparkKit/SparkApplication.m; sourceTree = "<group>"; };
		98C6E55F06FBA5BE000AFA2F /* SparkApplicationList.m */ = {isa = PBXFileReference; fileEncoding = 30; lastKnownFileType = sourcecode.c.objc; name = SparkApplicationList.m; path = SparkKit/SparkApplicationList.m; sourceTree = "<group>"; };
		98C6E56006FBA5CB000AFA2F /* SparkApplicationLibrary.m */ = {isa = PBXFileReference; fileEncoding = 30; lastKnownFileType = sourcecode.c.objc; name = SparkApplicationLibrary.m; path = SparkKit/SparkApplicationLibrary.m; sourceTree = "<group>"; };
		98D614B106B3DBA100CBC985 /* SparkKit.xcodeproj */ = {isa = PBXFileReference; lastKnownFileType = "wrapper.pb-project"; name = SparkKit.xcodeproj; path = SparkKit/SparkKit.xcodeproj; sourceTree = "<group>"; };
		98D61B8506B3E5FB00CBC985 /* HotKeyToolKit.xcodeproj */ = {isa = PBXFileReference; lastKnownFileType = "wrapper.pb-project"; name = HotKeyToolKit.xcodeproj; path = HotKeyToolKit/HotKeyToolKit.xcodeproj; sourceTree = "<group>"; };
		98E6572D06B406FE00F73A19 /* SparkMultipleAlerts.m */ = {isa = PBXFileReference; fileEncoding = 30; lastKnownFileType = sourcecode.c.objc; name = SparkMultipleAlerts.m; path = SparkKit/SparkMultipleAlerts.m; sourceTree = "<group>"; };
		98E6572E06B406FE00F73A19 /* SparkAlert.m */ = {isa = PBXFileReference; fileEncoding = 30; lastKnownFileType = sourcecode.c.objc; name = SparkAlert.m; path = SparkKit/SparkAlert.m; sourceTree = "<group>"; };
		98E6572F06B406FE00F73A19 /* SparkListLibrary.m */ = {isa = PBXFileReference; fileEncoding = 30; lastKnownFileType = sourcecode.c.objc; name = SparkListLibrary.m; path = SparkKit/SparkListLibrary.m; sourceTree = "<group>"; };
		98E6573006B406FE00F73A19 /* SparkKeyLibrary.m */ = {isa = PBXFileReference; fileEncoding = 30; lastKnownFileType = sourcecode.c.objc; name = SparkKeyLibrary.m; path = SparkKit/SparkKeyLibrary.m; sourceTree = "<group>"; };
		98E6573306B406FE00F73A19 /* Extension.m */ = {isa = PBXFileReference; fileEncoding = 30; lastKnownFileType = sourcecode.c.objc; name = Extension.m; path = SparkKit/Extension.m; sourceTree = "<group>"; };
		98E6573506B406FE00F73A19 /* SparkLibraryObject.m */ = {isa = PBXFileReference; fileEncoding = 30; lastKnownFileType = sourcecode.c.objc; name = SparkLibraryObject.m; path = SparkKit/SparkLibraryObject.m; sourceTree = "<group>"; };
		98E6573606B406FE00F73A19 /* SparkActionPlugin.m */ = {isa = PBXFileReference; fileEncoding = 30; lastKnownFileType = sourcecode.c.objc; name = SparkActionPlugin.m; path = SparkKit/SparkActionPlugin.m; sourceTree = "<group>"; };
		98E6573706B406FE00F73A19 /* SparkActionLoader.m */ = {isa = PBXFileReference; fileEncoding = 30; lastKnownFileType = sourcecode.c.objc; name = SparkActionLoader.m; path = SparkKit/SparkActionLoader.m; sourceTree = "<group>"; };
		98E6573906B406FE00F73A19 /* SparkLibrary.m */ = {isa = PBXFileReference; fileEncoding = 30; lastKnownFileType = sourcecode.c.objc; name = SparkLibrary.m; path = SparkKit/SparkLibrary.m; sourceTree = "<group>"; };
		98E6573A06B406FE00F73A19 /* SparkPlugIn.m */ = {isa = PBXFileReference; fileEncoding = 30; lastKnownFileType = sourcecode.c.objc; name = SparkPlugIn.m; path = SparkKit/SparkPlugIn.m; sourceTree = "<group>"; };
		98E6573B06B406FE00F73A19 /* SparkKeyList.m */ = {isa = PBXFileReference; fileEncoding = 30; lastKnownFileType = sourcecode.c.objc; name = SparkKeyList.m; path = SparkKit/SparkKeyList.m; sourceTree = "<group>"; };
		98E6573C06B406FE00F73A19 /* SparkHotKey.m */ = {isa = PBXFileReference; fileEncoding = 30; lastKnownFileType = sourcecode.c.objc; name = SparkHotKey.m; path = SparkKit/SparkHotKey.m; sourceTree = "<group>"; };
		98E6574006B4070900F73A19 /* Extension.h */ = {isa = PBXFileReference; fileEncoding = 30; lastKnownFileType = sourcecode.c.h; path = Extension.h; sourceTree = "<group>"; };
		98E6574206B4070900F73A19 /* SparkAlert.h */ = {isa = PBXFileReference; fileEncoding = 30; lastKnownFileType = sourcecode.c.h; path = SparkAlert.h; sourceTree = "<group>"; };
		98E6574506B4070900F73A19 /* SparkHotKey.h */ = {isa = PBXFileReference; fileEncoding = 30; lastKnownFileType = sourcecode.c.h; path = SparkHotKey.h; sourceTree = "<group>"; };
		98E6574706B4070900F73A19 /* SparkActionLoader.h */ = {isa = PBXFileReference; fileEncoding = 30; lastKnownFileType = sourcecode.c.h; path = SparkActionLoader.h; sourceTree = "<group>"; };
		98E6574806B4070900F73A19 /* SparkKeyLibrary.h */ = {isa = PBXFileReference; fileEncoding = 30; lastKnownFileType = sourcecode.c.h; path = SparkKeyLibrary.h; sourceTree = "<group>"; };
		98E6574906B4070900F73A19 /* SparkKeyList.h */ = {isa = PBXFileReference; fileEncoding = 30; lastKnownFileType = sourcecode.c.h; path = SparkKeyList.h; sourceTree = "<group>"; };
		98E6574A06B4070900F73A19 /* SparkActionPlugin.h */ = {isa = PBXFileReference; fileEncoding = 30; lastKnownFileType = sourcecode.c.h; path = SparkActionPlugin.h; sourceTree = "<group>"; };
		98E6574B06B4070900F73A19 /* Spark_Private.h */ = {isa = PBXFileReference; fileEncoding = 30; lastKnownFileType = sourcecode.c.h; path = Spark_Private.h; sourceTree = "<group>"; };
		98E6574C06B4070900F73A19 /* SparkKit.h */ = {isa = PBXFileReference; fileEncoding = 30; lastKnownFileType = sourcecode.c.h; name = SparkKit.h; path = SparkKit/Headers/SparkKit.h; sourceTree = "<group>"; };
		98E6574D06B4070900F73A19 /* SparkKit_API.h */ = {isa = PBXFileReference; fileEncoding = 30; lastKnownFileType = sourcecode.c.h; path = SparkKit_API.h; sourceTree = "<group>"; };
		98E6574E06B4070900F73A19 /* SparkLibrary.h */ = {isa = PBXFileReference; fileEncoding = 30; lastKnownFileType = sourcecode.c.h; path = SparkLibrary.h; sourceTree = "<group>"; };
		98E6574F06B4070900F73A19 /* SparkLibraryObject.h */ = {isa = PBXFileReference; fileEncoding = 30; lastKnownFileType = sourcecode.c.h; path = SparkLibraryObject.h; sourceTree = "<group>"; };
		98E6575006B4070900F73A19 /* SparkListLibrary.h */ = {isa = PBXFileReference; fileEncoding = 30; lastKnownFileType = sourcecode.c.h; path = SparkListLibrary.h; sourceTree = "<group>"; };
		98E6575206B4070900F73A19 /* SparkMultipleAlerts.h */ = {isa = PBXFileReference; fileEncoding = 30; lastKnownFileType = sourcecode.c.h; path = SparkMultipleAlerts.h; sourceTree = "<group>"; };
		98E6575306B4070900F73A19 /* SparkPlugIn.h */ = {isa = PBXFileReference; fileEncoding = 30; lastKnownFileType = sourcecode.c.h; path = SparkPlugIn.h; sourceTree = "<group>"; };
		98E65AB006B40FDD00F73A19 /* Spark Editor.xcodeproj */ = {isa = PBXFileReference; lastKnownFileType = "wrapper.pb-project"; name = "Spark Editor.xcodeproj"; path = "SparkEditor/Spark Editor.xcodeproj"; sourceTree = "<group>"; };
		98FF14DB05EACAE90005F402 /* WebKit.framework */ = {isa = PBXFileReference; lastKnownFileType = wrapper.framework; name = WebKit.framework; path = /System/Library/Frameworks/WebKit.framework; sourceTree = "<absolute>"; };
/* End PBXFileReference section */

/* Begin PBXGroup section */
		080E96DDFE201D6D7F000001 /* Classes */ = {
			isa = PBXGroup;
			children = (
				981822F1058DC598007B8C8B /* Editor */,
				98B54AE206D2113F001BDF93 /* Plugins */,
				9878FBD306C0604500AA3120 /* Daemon */,
				98E6565506B3F72500F73A19 /* Frameworks */,
			);
			name = Classes;
			sourceTree = "<group>";
		};
		29B97314FDCFA39411CA2CEA /* Spark */ = {
			isa = PBXGroup;
			children = (
				080E96DDFE201D6D7F000001 /* Classes */,
				29B97323FDCFA39411CA2CEA /* Frameworks */,
				98D614B106B3DBA100CBC985 /* SparkKit.xcodeproj */,
				988221C90699F351008E869E /* SparkServer.xcodeproj */,
				98E65AB006B40FDD00F73A19 /* Spark Editor.xcodeproj */,
				983674620699D31000DF2C6A /* Spark Plugins.xcodeproj */,
				98D61B8506B3E5FB00CBC985 /* HotKeyToolKit.xcodeproj */,
			);
			name = Spark;
			sourceTree = "<group>";
		};
		29B97323FDCFA39411CA2CEA /* Frameworks */ = {
			isa = PBXGroup;
			children = (
				98FF14DB05EACAE90005F402 /* WebKit.framework */,
				983E4E76058939D900AC8AA1 /* Carbon.framework */,
				29B97324FDCFA39411CA2CEA /* AppKit.framework */,
				29B97325FDCFA39411CA2CEA /* Foundation.framework */,
			);
			name = Frameworks;
			sourceTree = "<group>";
		};
		981822F1058DC598007B8C8B /* Editor */ = {
			isa = PBXGroup;
			children = (
				98B4819A07738234005E79E7 /* Headers */,
				98B4816C0773820A005E79E7 /* Spark.m */,
				98B4816D0773820A005E79E7 /* Library */,
				98B481790773820A005E79E7 /* UI Controllers */,
				98B481690773820A005E79E7 /* Server Comm */,
				98B481750773820A005E79E7 /* Import-Export */,
				98B481900773820A005E79E7 /* UI Extensions */,
			);
			name = Editor;
			path = SparkEditor;
			sourceTree = "<group>";
		};
		9833840F06B4120200AB8299 /* HotKeyToolKit */ = {
			isa = PBXGroup;
			children = (
				9833843506B4121100AB8299 /* HotKeyToolKit.h */,
				9833841006B4121100AB8299 /* Headers */,
				9833843A06B4122900AB8299 /* HKHotKey.m */,
				9833843806B4122900AB8299 /* HKKeyMap.m */,
				9833843706B4122900AB8299 /* HKTrapWindow.m */,
				9833843906B4122900AB8299 /* KeyMap.m */,
				9833843C06B4122900AB8299 /* HKKeyboardUtils.m */,
				9833843D06B4122900AB8299 /* HKHotKeyManager.m */,
				9833843B06B4122900AB8299 /* HKHotKeyRegister.m */,
				98B2140606D1038B0001FDB5 /* HKAXUIExtensions.m */,
			);
			name = HotKeyToolKit;
			sourceTree = "<group>";
		};
		9833841006B4121100AB8299 /* Headers */ = {
			isa = PBXGroup;
			children = (
				9833842E06B4121100AB8299 /* HKHotKey.h */,
				9833843306B4121100AB8299 /* HKKeyMap.h */,
				9833843406B4121100AB8299 /* HKTrapWindow.h */,
				9833843606B4121100AB8299 /* KeyMap.h */,
				9833843206B4121100AB8299 /* HKKeyboardUtils.h */,
				9833843106B4121100AB8299 /* HKHotKeyRegister.h */,
				9833843006B4121100AB8299 /* HKHotKeyManager.h */,
				98B2140706D103950001FDB5 /* HKAXUIExtensions.h */,
			);
			name = Headers;
			path = HotKeyToolKit/Headers;
			sourceTree = "<group>";
		};
		98660BB906E710CF00049957 /* iTunes */ = {
			isa = PBXGroup;
			children = (
				98660BBA06E710CF00049957 /* Headers */,
				98660BBF06E710CF00049957 /* ITunesAction.m */,
				98660BC006E710CF00049957 /* ITunesActionPlugin.m */,
				98660BC106E710CF00049957 /* iTunesAESuite.c */,
			);
			name = iTunes;
			path = SparkPlugins/iTunes;
			sourceTree = "<group>";
		};
		98660BBA06E710CF00049957 /* Headers */ = {
			isa = PBXGroup;
			children = (
				98660BBB06E710CF00049957 /* ITunesAction.h */,
				98660BBC06E710CF00049957 /* ITunesActionPlugin.h */,
				98660BBD06E710CF00049957 /* iTunesAESuite.h */,
			);
			path = Headers;
			sourceTree = "<group>";
		};
		98660BE206E710CF00049957 /* Power */ = {
			isa = PBXGroup;
			children = (
				98660BE306E710CF00049957 /* Headers */,
				98660BE706E710CF00049957 /* PowerAction.m */,
				98660BE806E710CF00049957 /* PowerActionPlugin.m */,
			);
			name = Power;
			path = SparkPlugins/Power;
			sourceTree = "<group>";
		};
		98660BE306E710CF00049957 /* Headers */ = {
			isa = PBXGroup;
			children = (
				98660BE406E710CF00049957 /* PowerAction.h */,
				98660BE506E710CF00049957 /* PowerActionPlugin.h */,
			);
			path = Headers;
			sourceTree = "<group>";
		};
		98660C0606E710CF00049957 /* Documents */ = {
			isa = PBXGroup;
			children = (
				98660C0A06E710CF00049957 /* Headers */,
				98660C0706E710CF00049957 /* ApplicationMenu.m */,
				98660C0806E710CF00049957 /* DocumentAction.m */,
				98660C0906E710CF00049957 /* DocumentActionPlugin.m */,
			);
			name = Documents;
			path = SparkPlugins/Documents;
			sourceTree = "<group>";
		};
		98660C0A06E710CF00049957 /* Headers */ = {
			isa = PBXGroup;
			children = (
				98660C0B06E710CF00049957 /* ApplicationMenu.h */,
				98660C0C06E710CF00049957 /* DocumentAction.h */,
				98660C0D06E710CF00049957 /* DocumentActionPlugin.h */,
			);
			path = Headers;
			sourceTree = "<group>";
		};
		98660C2806E710CF00049957 /* Apple Script */ = {
			isa = PBXGroup;
			children = (
				98660C2B06E710CF00049957 /* Headers */,
				98660C2906E710CF00049957 /* AppleScriptAction.m */,
				98660C2A06E710CF00049957 /* AppleScriptActionPlugin.m */,
			);
			name = "Apple Script";
			path = "SparkPlugins/Apple Script";
			sourceTree = "<group>";
		};
		98660C2B06E710CF00049957 /* Headers */ = {
			isa = PBXGroup;
			children = (
				98660C2C06E710CF00049957 /* AppleScriptAction.h */,
				98660C2D06E710CF00049957 /* AppleScriptActionPlugin.h */,
			);
			path = Headers;
			sourceTree = "<group>";
		};
		98660C4C06E710D000049957 /* Application */ = {
			isa = PBXGroup;
			children = (
				98660C5006E710D000049957 /* Headers */,
				98660C4D06E710D000049957 /* ApplicationAction.m */,
				98660C4E06E710D000049957 /* ApplicationActionPlugin.m */,
				98660C4F06E710D000049957 /* ASExtension.c */,
			);
			name = Application;
			path = SparkPlugins/Application;
			sourceTree = "<group>";
		};
		98660C5006E710D000049957 /* Headers */ = {
			isa = PBXGroup;
			children = (
				98660C5106E710D000049957 /* ApplicationAction.h */,
				98660C5206E710D000049957 /* ApplicationActionPlugin.h */,
				98660C5306E710D000049957 /* ASExtension.h */,
			);
			path = Headers;
			sourceTree = "<group>";
		};
		9878FBD306C0604500AA3120 /* Daemon */ = {
			isa = PBXGroup;
			children = (
				9878FBD606C0604500AA3120 /* Headers */,
				9878FBD406C0604500AA3120 /* AEScript.c */,
				9878FBDB06C0604500AA3120 /* SparkDaemon.m */,
				9878FBDA06C0604500AA3120 /* ServerProtocol.m */,
			);
			name = Daemon;
			path = SparkDaemon/Daemon;
			sourceTree = "<group>";
		};
		9878FBD606C0604500AA3120 /* Headers */ = {
			isa = PBXGroup;
			children = (
				9878FBD706C0604500AA3120 /* AEScript.h */,
				9878FBD806C0604500AA3120 /* SparkDaemon.h */,
			);
			path = Headers;
			sourceTree = "<group>";
		};
		98B481690773820A005E79E7 /* Server Comm */ = {
			isa = PBXGroup;
			children = (
				98B4816A0773820A005E79E7 /* ScriptHandler.m */,
				98B4816B0773820A005E79E7 /* ServerController.m */,
			);
			name = "Server Comm";
			path = "Classes/Server Comm";
			sourceTree = "<group>";
		};
		98B4816D0773820A005E79E7 /* Library */ = {
			isa = PBXGroup;
			children = (
				98B4816E0773820A005E79E7 /* ActionLibraryList.m */,
				98B4816F0773820A005E79E7 /* ActionPlugInList.m */,
				98B481700773820A005E79E7 /* ApplicationLibraryList.m */,
				98B481710773820A005E79E7 /* CustomActionList.m */,
				98B481720773820A005E79E7 /* KeyLibraryList.m */,
				98B481730773820A005E79E7 /* KeyPlugInList.m */,
				98B481740773820A005E79E7 /* KeyWarningList.m */,
			);
			name = Library;
			path = Classes/Library;
			sourceTree = "<group>";
		};
		98B481750773820A005E79E7 /* Import-Export */ = {
			isa = PBXGroup;
			children = (
				98B481760773820A005E79E7 /* ExporterUI.m */,
				98B481770773820A005E79E7 /* SparkExporter.m */,
				98B481780773820A005E79E7 /* SparkImporter.m */,
			);
			name = "Import-Export";
			path = "Classes/Import-Export";
			sourceTree = "<group>";
		};
		98B481790773820A005E79E7 /* UI Controllers */ = {
			isa = PBXGroup;
			children = (
				98B4817A0773820A005E79E7 /* ActionEditorController.m */,
				98B4817B0773820A005E79E7 /* ActionLibraryController.m */,
				98B4817C0773820A005E79E7 /* AppActionEditor.m */,
				98B4817D0773820A005E79E7 /* ApplicationLibraryController.m */,
				98B4817E0773820A005E79E7 /* ChoosePanel.m */,
				98B4817F0773820A005E79E7 /* DataSources */,
				98B481840773820A005E79E7 /* FirstRunController.m */,
				98B481850773820A005E79E7 /* InspectorController.m */,
				98B481860773820A005E79E7 /* KeyEditorController.m */,
				98B481870773820A005E79E7 /* KeyLibraryController.m */,
				98B481880773820A005E79E7 /* LibraryController.m */,
				98B481890773820A005E79E7 /* LibraryWindowController.m */,
				98B4818A0773820A005E79E7 /* ListEditorController.m */,
				98B4818B0773820A005E79E7 /* ObjectEditorController.m */,
				98B4818C0773820A005E79E7 /* PluginHelpController.m */,
				98B4818D0773820A005E79E7 /* PluginInstaller.m */,
				98B4818E0773820A005E79E7 /* Preferences.m */,
				98B4818F0773820A005E79E7 /* TableAlertController.m */,
			);
			name = "UI Controllers";
			path = "Classes/UI Controllers";
			sourceTree = "<group>";
		};
		98B4817F0773820A005E79E7 /* DataSources */ = {
			isa = PBXGroup;
			children = (
				98B481800773820A005E79E7 /* ApplicationsTableDataSource.m */,
				98B481810773820A005E79E7 /* CustomTableDataSource.m */,
				98B481820773820A005E79E7 /* ListsTableDataSource.m */,
				98B481830773820A005E79E7 /* ObjectsTableDataSource.m */,
			);
			path = DataSources;
			sourceTree = "<group>";
		};
		98B481900773820A005E79E7 /* UI Extensions */ = {
			isa = PBXGroup;
			children = (
				98B481910773820A005E79E7 /* ActionEditor.m */,
				98B481920773820A005E79E7 /* CustomTableView */,
				98B481970773820A005E79E7 /* CustomToolbar.m */,
				98B481980773820A005E79E7 /* Extensions.m */,
				98B481990773820A005E79E7 /* PluginMenu.m */,
			);
			name = "UI Extensions";
			path = "Classes/UI Extensions";
			sourceTree = "<group>";
		};
		98B481920773820A005E79E7 /* CustomTableView */ = {
			isa = PBXGroup;
			children = (
				98B481930773820A005E79E7 /* CustomOutlineView.m */,
				98B481940773820A005E79E7 /* CustomTableView.m */,
				98B481950773820A005E79E7 /* KeysTableView.m */,
				98B481960773820A005E79E7 /* LibraryTableView.m */,
			);
			path = CustomTableView;
			sourceTree = "<group>";
		};
		98B4819A07738234005E79E7 /* Headers */ = {
			isa = PBXGroup;
			children = (
				98B481A907738234005E79E7 /* Spark.h */,
				98B481AA07738234005E79E7 /* SparkAppleScriptSuite.h */,
				98B4819E07738234005E79E7 /* Library */,
				98B481AB07738234005E79E7 /* UI Controllers */,
				98B481A607738234005E79E7 /* Server Comm */,
				98B4819B07738234005E79E7 /* Import-Export */,
				98B481C207738234005E79E7 /* UI Extension */,
			);
			path = Headers;
			sourceTree = "<group>";
		};
		98B4819B07738234005E79E7 /* Import-Export */ = {
			isa = PBXGroup;
			children = (
				98B4819C07738234005E79E7 /* SparkExporter.h */,
				98B4819D07738234005E79E7 /* SparkImporter.h */,
			);
			path = "Import-Export";
			sourceTree = "<group>";
		};
		98B4819E07738234005E79E7 /* Library */ = {
			isa = PBXGroup;
			children = (
				98B4819F07738234005E79E7 /* ActionLibraryList.h */,
				98B481A007738234005E79E7 /* ActionPlugInList.h */,
				98B481A107738234005E79E7 /* ApplicationLibraryList.h */,
				98B481A207738234005E79E7 /* CustomActionList.h */,
				98B481A307738234005E79E7 /* KeyLibraryList.h */,
				98B481A407738234005E79E7 /* KeyPlugInList.h */,
				98B481A507738234005E79E7 /* KeyWarningList.h */,
			);
			path = Library;
			sourceTree = "<group>";
		};
		98B481A607738234005E79E7 /* Server Comm */ = {
			isa = PBXGroup;
			children = (
				98B481A707738234005E79E7 /* ScriptHandler.h */,
				98B481A807738234005E79E7 /* ServerController.h */,
			);
			path = "Server Comm";
			sourceTree = "<group>";
		};
		98B481AB07738234005E79E7 /* UI Controllers */ = {
			isa = PBXGroup;
			children = (
				98B481AC07738234005E79E7 /* ActionEditorController.h */,
				98B481AD07738234005E79E7 /* ActionLibraryController.h */,
				98B481AE07738234005E79E7 /* AppActionEditor.h */,
				98B481AF07738234005E79E7 /* ApplicationLibraryController.h */,
				98B481B007738234005E79E7 /* ChoosePanel.h */,
				98B481B107738234005E79E7 /* Data Source */,
				98B481B607738234005E79E7 /* FirstRunController.h */,
				98B481B707738234005E79E7 /* InspectorController.h */,
				98B481B807738234005E79E7 /* KeyEditorController.h */,
				98B481B907738234005E79E7 /* KeyLibraryController.h */,
				98B481BA07738234005E79E7 /* LibraryController.h */,
				98B481BB07738234005E79E7 /* LibraryWindowController.h */,
				98B481BC07738234005E79E7 /* ListEditorController.h */,
				98B481BD07738234005E79E7 /* ObjectEditorController.h */,
				98B481BE07738234005E79E7 /* PluginHelpController.h */,
				98B481BF07738234005E79E7 /* PluginInstaller.h */,
				98B481C007738234005E79E7 /* Preferences.h */,
				98B481C107738234005E79E7 /* TableAlertController.h */,
			);
			path = "UI Controllers";
			sourceTree = "<group>";
		};
		98B481B107738234005E79E7 /* Data Source */ = {
			isa = PBXGroup;
			children = (
				98B481B207738234005E79E7 /* ApplicationsTableDataSource.h */,
				98B481B307738234005E79E7 /* CustomTableDataSource.h */,
				98B481B407738234005E79E7 /* ListsTableDataSource.h */,
				98B481B507738234005E79E7 /* ObjectsTableDataSource.h */,
			);
			path = "Data Source";
			sourceTree = "<group>";
		};
		98B481C207738234005E79E7 /* UI Extension */ = {
			isa = PBXGroup;
			children = (
				98B481C307738234005E79E7 /* ActionEditor.h */,
				98B481C407738234005E79E7 /* CustomTableView */,
				98B481C907738234005E79E7 /* CustomToolbar.h */,
				98B481CA07738234005E79E7 /* Extensions.h */,
				98B481CB07738234005E79E7 /* PluginMenu.h */,
			);
			path = "UI Extension";
			sourceTree = "<group>";
		};
		98B481C407738234005E79E7 /* CustomTableView */ = {
			isa = PBXGroup;
			children = (
				98B481C507738234005E79E7 /* CustomOutlineView.h */,
				98B481C607738234005E79E7 /* CustomTableView.h */,
				98B481C707738234005E79E7 /* KeysTableView.h */,
				98B481C807738234005E79E7 /* LibraryTableView.h */,
			);
			path = CustomTableView;
			sourceTree = "<group>";
		};
		98B54AE206D2113F001BDF93 /* Plugins */ = {
			isa = PBXGroup;
			children = (
				98660BE206E710CF00049957 /* Power */,
				98660BB906E710CF00049957 /* iTunes */,
				98660C0606E710CF00049957 /* Documents */,
				98660C2806E710CF00049957 /* Apple Script */,
				98660C4C06E710D000049957 /* Application */,
				98B54BBA06D211AD001BDF93 /* Plugins Factory */,
			);
			name = Plugins;
			sourceTree = "<group>";
		};
		98B54AE406D21155001BDF93 /* KeyStroke */ = {
			isa = PBXGroup;
			children = (
				98B54AE506D21155001BDF93 /* Headers */,
			);
			path = KeyStroke;
			sourceTree = "<group>";
		};
		98B54AE506D21155001BDF93 /* Headers */ = {
			isa = PBXGroup;
			children = (
			);
			path = Headers;
			sourceTree = "<group>";
		};
		98B54B3806D21156001BDF93 /* ShellScript */ = {
			isa = PBXGroup;
			children = (
				98B54B3906D21156001BDF93 /* Headers */,
				98B54B4906D21156001BDF93 /* ShellHotKey.m */,
				98B54B4A06D21156001BDF93 /* ShellKeySet.m */,
			);
			path = ShellScript;
			sourceTree = "<group>";
		};
		98B54B3906D21156001BDF93 /* Headers */ = {
			isa = PBXGroup;
			children = (
				98B54B3A06D21156001BDF93 /* ShellHotKey.h */,
				98B54B3B06D21156001BDF93 /* ShellKeySet.h */,
			);
			path = Headers;
			sourceTree = "<group>";
		};
		98B54B4B06D21156001BDF93 /* Archives */ = {
			isa = PBXGroup;
			children = (
				98B54B4E06D21156001BDF93 /* Headers */,
				98B54B4C06D21156001BDF93 /* ArchivesHotKey.m */,
				98B54B4D06D21156001BDF93 /* ArchivesKeySet.m */,
			);
			path = Archives;
			sourceTree = "<group>";
		};
		98B54B4E06D21156001BDF93 /* Headers */ = {
			isa = PBXGroup;
			children = (
				98B54B4F06D21156001BDF93 /* ArchivesHotKey.h */,
				98B54B5006D21156001BDF93 /* ArchivesKeySet.h */,
			);
			path = Headers;
			sourceTree = "<group>";
		};
		98B54BBA06D211AD001BDF93 /* Plugins Factory */ = {
			isa = PBXGroup;
			children = (
				98B54B4B06D21156001BDF93 /* Archives */,
				98B54AE406D21155001BDF93 /* KeyStroke */,
				98B54B3806D21156001BDF93 /* ShellScript */,
			);
			path = "Plugins Factory";
			sourceTree = "<group>";
		};
		98C6E56106FBA5D7000AFA2F /* Private */ = {
			isa = PBXGroup;
			children = (
				98E6573306B406FE00F73A19 /* Extension.m */,
				98B54BE906D2155A001BDF93 /* SparkConstantes.m */,
			);
			name = Private;
			sourceTree = "<group>";
		};
		98D147770710670000E87FA5 /* Libraries */ = {
			isa = PBXGroup;
			children = (
				98E6573906B406FE00F73A19 /* SparkLibrary.m */,
				98E6572F06B406FE00F73A19 /* SparkListLibrary.m */,
				98E6573006B406FE00F73A19 /* SparkKeyLibrary.m */,
				9863301506E5B3980029CEB7 /* SparkActionLibrary.m */,
				98B481CF0773829A005E79E7 /* SparkObjectsLibrary.m */,
				98C6E56006FBA5CB000AFA2F /* SparkApplicationLibrary.m */,
			);
			name = Libraries;
			sourceTree = "<group>";
		};
		98D147780710670A00E87FA5 /* Lists */ = {
			isa = PBXGroup;
			children = (
				98660C6F06E7113A00049957 /* SparkObjectList.m */,
				98E6573B06B406FE00F73A19 /* SparkKeyList.m */,
				98660C6E06E7112E00049957 /* SparkActionList.m */,
				98C6E55F06FBA5BE000AFA2F /* SparkApplicationList.m */,
			);
			name = Lists;
			sourceTree = "<group>";
		};
		98E6565506B3F72500F73A19 /* Frameworks */ = {
			isa = PBXGroup;
			children = (
				98E6572C06B406E700F73A19 /* SparkKit */,
				98E6565606B3F74100F73A19 /* ShadowKit */,
				9833840F06B4120200AB8299 /* HotKeyToolKit */,
			);
			name = Frameworks;
			sourceTree = SOURCE_ROOT;
		};
		98E6565606B3F74100F73A19 /* ShadowKit */ = {
			isa = PBXGroup;
			children = (
			);
			path = ShadowKit;
			sourceTree = SHADOWKIT_ROOT;
		};
		98E6572C06B406E700F73A19 /* SparkKit */ = {
			isa = PBXGroup;
			children = (
				98E6574C06B4070900F73A19 /* SparkKit.h */,
				98E6573F06B4070900F73A19 /* Headers */,
				98E6575906B407B000F73A19 /* Public */,
				98E6575A06B407DA00F73A19 /* Library */,
				98E6575B06B4080100F73A19 /* Loader */,
				98C6E56106FBA5D7000AFA2F /* Private */,
			);
			name = SparkKit;
			sourceTree = "<group>";
		};
		98E6573F06B4070900F73A19 /* Headers */ = {
			isa = PBXGroup;
			children = (
				98E6575506B4072500F73A19 /* Public */,
				98E6575606B4074100F73A19 /* Library */,
				98E6575806B4077D00F73A19 /* Loader */,
				98E6575706B4076200F73A19 /* Private */,
			);
			name = Headers;
			path = SparkKit/Headers;
			sourceTree = "<group>";
		};
		98E6575506B4072500F73A19 /* Public */ = {
			isa = PBXGroup;
			children = (
				98E6574D06B4070900F73A19 /* SparkKit_API.h */,
				9863301C06E5B3A70029CEB7 /* SparkAction.h */,
				98E6574A06B4070900F73A19 /* SparkActionPlugin.h */,
				98B54BEB06D21568001BDF93 /* SparkConstantes.h */,
				98E6574F06B4070900F73A19 /* SparkLibraryObject.h */,
				98E6574206B4070900F73A19 /* SparkAlert.h */,
				98E6575206B4070900F73A19 /* SparkMultipleAlerts.h */,
			);
			name = Public;
			sourceTree = "<group>";
		};
		98E6575606B4074100F73A19 /* Library */ = {
			isa = PBXGroup;
			children = (
				98C6E55906FBA541000AFA2F /* SparkSerialization.h */,
				98E6574506B4070900F73A19 /* SparkHotKey.h */,
				98C6E55A06FBA559000AFA2F /* SparkApplication.h */,
				98E6574E06B4070900F73A19 /* SparkLibrary.h */,
				98660C7106E7114D00049957 /* SparkObjectList.h */,
				98E6574906B4070900F73A19 /* SparkKeyList.h */,
				98660C7006E7114800049957 /* SparkActionList.h */,
				98B481D0077382BB005E79E7 /* SparkObjectsLibrary.h */,
				98C6E55B06FBA568000AFA2F /* SparkApplicationList.h */,
				98E6575006B4070900F73A19 /* SparkListLibrary.h */,
				98E6574806B4070900F73A19 /* SparkKeyLibrary.h */,
				9863301D06E5B3B60029CEB7 /* SparkActionLibrary.h */,
				98C6E55C06FBA572000AFA2F /* SparkApplicationLibrary.h */,
			);
			name = Library;
			sourceTree = "<group>";
		};
		98E6575706B4076200F73A19 /* Private */ = {
			isa = PBXGroup;
			children = (
				98E6574006B4070900F73A19 /* Extension.h */,
				98E6574B06B4070900F73A19 /* Spark_Private.h */,
			);
			name = Private;
			sourceTree = "<group>";
		};
		98E6575806B4077D00F73A19 /* Loader */ = {
			isa = PBXGroup;
			children = (
				98E6575306B4070900F73A19 /* SparkPlugIn.h */,
				98E6574706B4070900F73A19 /* SparkActionLoader.h */,
			);
			name = Loader;
			sourceTree = "<group>";
		};
		98E6575906B407B000F73A19 /* Public */ = {
			isa = PBXGroup;
			children = (
				98E6572E06B406FE00F73A19 /* SparkAlert.m */,
				9863301406E5B38C0029CEB7 /* SparkAction.m */,
				98E6573606B406FE00F73A19 /* SparkActionPlugin.m */,
				98E6573506B406FE00F73A19 /* SparkLibraryObject.m */,
				98E6572D06B406FE00F73A19 /* SparkMultipleAlerts.m */,
			);
			name = Public;
			sourceTree = "<group>";
		};
		98E6575A06B407DA00F73A19 /* Library */ = {
			isa = PBXGroup;
			children = (
				98C6E55D06FBA59D000AFA2F /* SparkSerialization.m */,
				98E6573C06B406FE00F73A19 /* SparkHotKey.m */,
				98C6E55E06FBA5B0000AFA2F /* SparkApplication.m */,
				98D147780710670A00E87FA5 /* Lists */,
				98D147770710670000E87FA5 /* Libraries */,
			);
			name = Library;
			sourceTree = "<group>";
		};
		98E6575B06B4080100F73A19 /* Loader */ = {
			isa = PBXGroup;
			children = (
				98E6573A06B406FE00F73A19 /* SparkPlugIn.m */,
				98E6573706B406FE00F73A19 /* SparkActionLoader.m */,
			);
			name = Loader;
			sourceTree = "<group>";
		};
		98EF8345086464B5007BC81A /* Products */ = {
			isa = PBXGroup;
			children = (
				98EF8349086464B5007BC81A /* SparkKit.framework */,
				9867592B096B41BC00BB8A25 /* ShadowKit.framework */,
			);
			name = Products;
			sourceTree = "<group>";
		};
		98EF8350086464D2007BC81A /* Products */ = {
			isa = PBXGroup;
			children = (
				98EF835A086464D2007BC81A /* Labo */,
				985187A50AB81D5600685FF7 /* Simulator.app */,
				98EF835E086464D2007BC81A /* iTunesAction.spact */,
				98EF835C086464D2007BC81A /* SystemAction.spact */,
				98EF8360086464D2007BC81A /* DocumentAction.spact */,
				98EF8362086464D2007BC81A /* ApplicationAction.spact */,
				98EF8364086464D2007BC81A /* AppleScriptAction.spact */,
			);
			name = Products;
			sourceTree = "<group>";
		};
		98EF836B086464E0007BC81A /* Products */ = {
			isa = PBXGroup;
			children = (
				98EF836F086464E0007BC81A /* Spark Daemon.app */,
			);
			name = Products;
			sourceTree = "<group>";
		};
		98EF8378086464E7007BC81A /* Products */ = {
			isa = PBXGroup;
			children = (
				98EF837C086464E7007BC81A /* Spark.app */,
			);
			name = Products;
			sourceTree = "<group>";
		};
		98EF8382086464EF007BC81A /* Products */ = {
			isa = PBXGroup;
			children = (
				98DC31340A57FACC001E1415 /* Test.octest */,
				98DC31360A57FACC001E1415 /* Runner */,
				98C61C2C0A58140C0004E6EF /* UITester.app */,
				98EF8389086464EF007BC81A /* HotKeyToolKit.framework */,
			);
			name = Products;
			sourceTree = "<group>";
		};
/* End PBXGroup section */

/* Begin PBXProject section */
		29B97313FDCFA39411CA2CEA /* Project object */ = {
			isa = PBXProject;
			buildConfigurationList = 98FF7B400857B50600611EDE /* Build configuration list for PBXProject "Spark" */;
			hasScannedForEncodings = 1;
			mainGroup = 29B97314FDCFA39411CA2CEA /* Spark */;
			projectDirPath = "";
			projectReferences = (
				{
					ProductGroup = 98EF8382086464EF007BC81A /* Products */;
					ProjectRef = 98D61B8506B3E5FB00CBC985 /* HotKeyToolKit.xcodeproj */;
				},
				{
					ProductGroup = 98EF8378086464E7007BC81A /* Products */;
					ProjectRef = 98E65AB006B40FDD00F73A19 /* Spark Editor.xcodeproj */;
				},
				{
					ProductGroup = 98EF8350086464D2007BC81A /* Products */;
					ProjectRef = 983674620699D31000DF2C6A /* Spark Plugins.xcodeproj */;
				},
				{
					ProductGroup = 98EF8345086464B5007BC81A /* Products */;
					ProjectRef = 98D614B106B3DBA100CBC985 /* SparkKit.xcodeproj */;
				},
				{
					ProductGroup = 98EF836B086464E0007BC81A /* Products */;
					ProjectRef = 988221C90699F351008E869E /* SparkServer.xcodeproj */;
				},
			);
			targets = (
				9840325B06067AB100AB5262 /* All */,
				98E65AB306B40FFF00F73A19 /* Spark */,
				983674730699D34900DF2C6A /* Plugins */,
				988221D70699F391008E869E /* Daemon */,
				9821FF0905E04D7600967EA5 /* Frameworks */,
			);
		};
/* End PBXProject section */

/* Begin PBXReferenceProxy section */
		985187A50AB81D5600685FF7 /* Simulator.app */ = {
			isa = PBXReferenceProxy;
			fileType = wrapper.application;
			path = Simulator.app;
			remoteRef = 985187A40AB81D5600685FF7 /* PBXContainerItemProxy */;
			sourceTree = BUILT_PRODUCTS_DIR;
		};
		9867592B096B41BC00BB8A25 /* ShadowKit.framework */ = {
			isa = PBXReferenceProxy;
			fileType = wrapper.framework;
			path = ShadowKit.framework;
			remoteRef = 9867592A096B41BC00BB8A25 /* PBXContainerItemProxy */;
			sourceTree = BUILT_PRODUCTS_DIR;
		};
		98C61C2C0A58140C0004E6EF /* UITester.app */ = {
			isa = PBXReferenceProxy;
			fileType = wrapper.application;
			path = UITester.app;
			remoteRef = 98C61C2B0A58140C0004E6EF /* PBXContainerItemProxy */;
			sourceTree = BUILT_PRODUCTS_DIR;
		};
		98DC31340A57FACC001E1415 /* Test.octest */ = {
			isa = PBXReferenceProxy;
			fileType = wrapper.cfbundle;
			path = Test.octest;
			remoteRef = 98DC31330A57FACC001E1415 /* PBXContainerItemProxy */;
			sourceTree = BUILT_PRODUCTS_DIR;
		};
		98DC31360A57FACC001E1415 /* Runner */ = {
			isa = PBXReferenceProxy;
			fileType = "compiled.mach-o.executable";
			path = Runner;
			remoteRef = 98DC31350A57FACC001E1415 /* PBXContainerItemProxy */;
			sourceTree = BUILT_PRODUCTS_DIR;
		};
		98EF8349086464B5007BC81A /* SparkKit.framework */ = {
			isa = PBXReferenceProxy;
			fileType = wrapper.framework;
			path = SparkKit.framework;
			remoteRef = 98EF8348086464B5007BC81A /* PBXContainerItemProxy */;
			sourceTree = BUILT_PRODUCTS_DIR;
		};
		98EF835A086464D2007BC81A /* Labo */ = {
			isa = PBXReferenceProxy;
			fileType = "compiled.mach-o.executable";
			path = Labo;
			remoteRef = 98EF8359086464D2007BC81A /* PBXContainerItemProxy */;
			sourceTree = BUILT_PRODUCTS_DIR;
		};
		98EF835C086464D2007BC81A /* SystemAction.spact */ = {
			isa = PBXReferenceProxy;
			fileType = wrapper.cfbundle;
			path = SystemAction.spact;
			remoteRef = 98EF835B086464D2007BC81A /* PBXContainerItemProxy */;
			sourceTree = BUILT_PRODUCTS_DIR;
		};
		98EF835E086464D2007BC81A /* iTunesAction.spact */ = {
			isa = PBXReferenceProxy;
			fileType = wrapper.cfbundle;
			path = iTunesAction.spact;
			remoteRef = 98EF835D086464D2007BC81A /* PBXContainerItemProxy */;
			sourceTree = BUILT_PRODUCTS_DIR;
		};
		98EF8360086464D2007BC81A /* DocumentAction.spact */ = {
			isa = PBXReferenceProxy;
			fileType = wrapper.cfbundle;
			path = DocumentAction.spact;
			remoteRef = 98EF835F086464D2007BC81A /* PBXContainerItemProxy */;
			sourceTree = BUILT_PRODUCTS_DIR;
		};
		98EF8362086464D2007BC81A /* ApplicationAction.spact */ = {
			isa = PBXReferenceProxy;
			fileType = wrapper.cfbundle;
			path = ApplicationAction.spact;
			remoteRef = 98EF8361086464D2007BC81A /* PBXContainerItemProxy */;
			sourceTree = BUILT_PRODUCTS_DIR;
		};
		98EF8364086464D2007BC81A /* AppleScriptAction.spact */ = {
			isa = PBXReferenceProxy;
			fileType = wrapper.cfbundle;
			path = AppleScriptAction.spact;
			remoteRef = 98EF8363086464D2007BC81A /* PBXContainerItemProxy */;
			sourceTree = BUILT_PRODUCTS_DIR;
		};
		98EF836F086464E0007BC81A /* Spark Daemon.app */ = {
			isa = PBXReferenceProxy;
			fileType = wrapper.application;
			path = "Spark Daemon.app";
			remoteRef = 98EF836E086464E0007BC81A /* PBXContainerItemProxy */;
			sourceTree = BUILT_PRODUCTS_DIR;
		};
		98EF837C086464E7007BC81A /* Spark.app */ = {
			isa = PBXReferenceProxy;
			fileType = wrapper.application;
			path = Spark.app;
			remoteRef = 98EF837B086464E7007BC81A /* PBXContainerItemProxy */;
			sourceTree = BUILT_PRODUCTS_DIR;
		};
		98EF8389086464EF007BC81A /* HotKeyToolKit.framework */ = {
			isa = PBXReferenceProxy;
			fileType = wrapper.framework;
			path = HotKeyToolKit.framework;
			remoteRef = 98EF8388086464EF007BC81A /* PBXContainerItemProxy */;
			sourceTree = BUILT_PRODUCTS_DIR;
		};
/* End PBXReferenceProxy section */

/* Begin PBXTargetDependency section */
		9840325D06067AB700AB5262 /* PBXTargetDependency */ = {
			isa = PBXTargetDependency;
			target = 9821FF0905E04D7600967EA5 /* Frameworks */;
			targetProxy = 9840325C06067AB700AB5262 /* PBXContainerItemProxy */;
		};
		9840325F06067ABB00AB5262 /* PBXTargetDependency */ = {
			isa = PBXTargetDependency;
			target = 983674730699D34900DF2C6A /* Plugins */;
			targetProxy = 9840325E06067ABB00AB5262 /* PBXContainerItemProxy */;
		};
		9889CF4606B418550037768F /* PBXTargetDependency */ = {
			isa = PBXTargetDependency;
			target = 988221D70699F391008E869E /* Daemon */;
			targetProxy = 9889CF4506B418550037768F /* PBXContainerItemProxy */;
		};
		98C12D1908CE14B60015CB91 /* PBXTargetDependency */ = {
			isa = PBXTargetDependency;
			name = Spark;
			targetProxy = 98C12D1808CE14B60015CB91 /* PBXContainerItemProxy */;
		};
		98C12D1B08CE14C20015CB91 /* PBXTargetDependency */ = {
			isa = PBXTargetDependency;
			name = Spark;
			targetProxy = 98C12D1A08CE14C20015CB91 /* PBXContainerItemProxy */;
		};
		98E65AB706B4101000F73A19 /* PBXTargetDependency */ = {
			isa = PBXTargetDependency;
			target = 9821FF0905E04D7600967EA5 /* Frameworks */;
			targetProxy = 98E65AB606B4101000F73A19 /* PBXContainerItemProxy */;
		};
		98EF838B086464FC007BC81A /* PBXTargetDependency */ = {
			isa = PBXTargetDependency;
			name = SparkKit;
			targetProxy = 98EF838A086464FC007BC81A /* PBXContainerItemProxy */;
		};
		98EF838D086464FC007BC81A /* PBXTargetDependency */ = {
			isa = PBXTargetDependency;
			name = HotKeyToolKit;
			targetProxy = 98EF838C086464FC007BC81A /* PBXContainerItemProxy */;
		};
		98EF839108646508007BC81A /* PBXTargetDependency */ = {
			isa = PBXTargetDependency;
			name = "Spark Daemon";
			targetProxy = 98EF839008646508007BC81A /* PBXContainerItemProxy */;
		};
		98EF839508646510007BC81A /* PBXTargetDependency */ = {
			isa = PBXTargetDependency;
			name = All;
			targetProxy = 98EF839408646510007BC81A /* PBXContainerItemProxy */;
		};
/* End PBXTargetDependency section */

/* Begin XCBuildConfiguration section */
		98B4DEB70939D464009F2007 /* Profiling */ = {
			isa = XCBuildConfiguration;
			buildSettings = {
				COPY_PHASE_STRIP = NO;
				DEAD_CODE_STRIPPING = NO;
				DEPLOYMENT_POSTPROCESSING = NO;
				GCC_DYNAMIC_NO_PIC = NO;
				GCC_ENABLE_FIX_AND_CONTINUE = YES;
				GCC_ENABLE_OBJC_EXCEPTIONS = YES;
				GCC_GENERATE_DEBUGGING_SYMBOLS = YES;
				GCC_OPTIMIZATION_LEVEL = 0;
				GCC_PRECOMPILE_PREFIX_HEADER = YES;
				GCC_PREPROCESSOR_DEFINITIONS = DEBUG;
				GCC_WARN_UNINITIALIZED_AUTOS = NO;
				GCC_WARN_UNUSED_VALUE = YES;
				MACOSX_DEPLOYMENT_TARGET = 10.3;
				OTHER_LDFLAGS = "";
				PRESERVE_DEAD_CODE_INITS_AND_TERMS = NO;
				PRODUCT_NAME = Frameworks;
				SECTORDER_FLAGS = "";
				WARNING_CFLAGS = (
					"-Wmost",
					"-Wno-four-char-constants",
					"-Wno-unknown-pragmas",
				);
				ZERO_LINK = YES;
			};
			name = Profiling;
		};
		98B4DEB80939D464009F2007 /* Profiling */ = {
			isa = XCBuildConfiguration;
			buildSettings = {
				COPY_PHASE_STRIP = NO;
				DEAD_CODE_STRIPPING = NO;
				DEPLOYMENT_POSTPROCESSING = NO;
				GCC_DYNAMIC_NO_PIC = NO;
				GCC_ENABLE_FIX_AND_CONTINUE = YES;
				GCC_ENABLE_OBJC_EXCEPTIONS = YES;
				GCC_GENERATE_DEBUGGING_SYMBOLS = YES;
				GCC_OPTIMIZATION_LEVEL = 0;
				GCC_PRECOMPILE_PREFIX_HEADER = YES;
				GCC_PREPROCESSOR_DEFINITIONS = DEBUG;
				GCC_WARN_UNINITIALIZED_AUTOS = NO;
				GCC_WARN_UNUSED_VALUE = YES;
				MACOSX_DEPLOYMENT_TARGET = 10.3;
				OTHER_LDFLAGS = "";
				PRESERVE_DEAD_CODE_INITS_AND_TERMS = NO;
				PRODUCT_NAME = "Daemon & Co.";
				SECTORDER_FLAGS = "";
				WARNING_CFLAGS = (
					"-Wmost",
					"-Wno-four-char-constants",
					"-Wno-unknown-pragmas",
				);
				ZERO_LINK = YES;
			};
			name = Profiling;
		};
		98B4DEB90939D464009F2007 /* Profiling */ = {
			isa = XCBuildConfiguration;
			buildSettings = {
				COPY_PHASE_STRIP = NO;
				DEAD_CODE_STRIPPING = NO;
				DEPLOYMENT_POSTPROCESSING = NO;
				GCC_DYNAMIC_NO_PIC = NO;
				GCC_ENABLE_FIX_AND_CONTINUE = YES;
				GCC_ENABLE_OBJC_EXCEPTIONS = YES;
				GCC_GENERATE_DEBUGGING_SYMBOLS = YES;
				GCC_OPTIMIZATION_LEVEL = 0;
				GCC_PRECOMPILE_PREFIX_HEADER = YES;
				GCC_PREPROCESSOR_DEFINITIONS = DEBUG;
				GCC_WARN_UNINITIALIZED_AUTOS = NO;
				GCC_WARN_UNUSED_VALUE = YES;
				MACOSX_DEPLOYMENT_TARGET = 10.3;
				OTHER_LDFLAGS = "";
				PRESERVE_DEAD_CODE_INITS_AND_TERMS = NO;
				PRODUCT_NAME = Test;
				SECTORDER_FLAGS = "";
				WARNING_CFLAGS = (
					"-Wmost",
					"-Wno-four-char-constants",
					"-Wno-unknown-pragmas",
				);
				ZERO_LINK = YES;
			};
			name = Profiling;
		};
		98B4DEBA0939D464009F2007 /* Profiling */ = {
			isa = XCBuildConfiguration;
			buildSettings = {
				COPY_PHASE_STRIP = NO;
				DEAD_CODE_STRIPPING = NO;
				DEPLOYMENT_POSTPROCESSING = NO;
				GCC_DYNAMIC_NO_PIC = NO;
				GCC_ENABLE_FIX_AND_CONTINUE = YES;
				GCC_ENABLE_OBJC_EXCEPTIONS = YES;
				GCC_GENERATE_DEBUGGING_SYMBOLS = YES;
				GCC_OPTIMIZATION_LEVEL = 0;
				GCC_PRECOMPILE_PREFIX_HEADER = YES;
				GCC_PREPROCESSOR_DEFINITIONS = DEBUG;
				GCC_WARN_UNINITIALIZED_AUTOS = NO;
				GCC_WARN_UNUSED_VALUE = YES;
				MACOSX_DEPLOYMENT_TARGET = 10.3;
				OTHER_LDFLAGS = "";
				PRESERVE_DEAD_CODE_INITS_AND_TERMS = NO;
				PRODUCT_NAME = All;
				SECTORDER_FLAGS = "";
				WARNING_CFLAGS = (
					"-Wmost",
					"-Wno-four-char-constants",
					"-Wno-unknown-pragmas",
				);
				ZERO_LINK = YES;
			};
			name = Profiling;
		};
		98B4DEBB0939D464009F2007 /* Profiling */ = {
			isa = XCBuildConfiguration;
			buildSettings = {
				COPY_PHASE_STRIP = NO;
				DEAD_CODE_STRIPPING = NO;
				DEPLOYMENT_POSTPROCESSING = NO;
				GCC_DYNAMIC_NO_PIC = NO;
				GCC_ENABLE_FIX_AND_CONTINUE = YES;
				GCC_ENABLE_OBJC_EXCEPTIONS = YES;
				GCC_GENERATE_DEBUGGING_SYMBOLS = YES;
				GCC_OPTIMIZATION_LEVEL = 0;
				GCC_PRECOMPILE_PREFIX_HEADER = YES;
				GCC_PREPROCESSOR_DEFINITIONS = DEBUG;
				GCC_WARN_UNINITIALIZED_AUTOS = NO;
				GCC_WARN_UNUSED_VALUE = YES;
				MACOSX_DEPLOYMENT_TARGET = 10.3;
				OTHER_LDFLAGS = "";
				PRESERVE_DEAD_CODE_INITS_AND_TERMS = NO;
				PRODUCT_NAME = Spark;
				SECTORDER_FLAGS = "";
				WARNING_CFLAGS = (
					"-Wmost",
					"-Wno-four-char-constants",
					"-Wno-unknown-pragmas",
				);
				ZERO_LINK = YES;
			};
			name = Profiling;
		};
		98B4DEBC0939D464009F2007 /* Profiling */ = {
			isa = XCBuildConfiguration;
			buildSettings = {
			};
			name = Profiling;
		};
		98C1286408CE0D020015CB91 /* Universal Binary */ = {
			isa = XCBuildConfiguration;
			buildSettings = {
				COPY_PHASE_STRIP = YES;
				DEAD_CODE_STRIPPING = YES;
				DEPLOYMENT_POSTPROCESSING = YES;
				GCC_DYNAMIC_NO_PIC = YES;
				GCC_ENABLE_FIX_AND_CONTINUE = NO;
				GCC_ENABLE_OBJC_EXCEPTIONS = YES;
				GCC_GENERATE_DEBUGGING_SYMBOLS = NO;
				GCC_OPTIMIZATION_LEVEL = s;
				GCC_PRECOMPILE_PREFIX_HEADER = YES;
				GCC_PREPROCESSOR_DEFINITIONS = (
					NS_BLOCK_ASSERTIONS,
					DEBUG_ASSERT_PRODUCTION_CODE,
				);
				GCC_WARN_UNINITIALIZED_AUTOS = YES;
				GCC_WARN_UNUSED_VALUE = YES;
				MACOSX_DEPLOYMENT_TARGET = 10.3;
				OTHER_LDFLAGS = "";
				PRESERVE_DEAD_CODE_INITS_AND_TERMS = YES;
				PRODUCT_NAME = Frameworks;
				SECTORDER_FLAGS = "";
				WARNING_CFLAGS = (
					"-Wmost",
					"-Wno-four-char-constants",
					"-Wno-unknown-pragmas",
				);
				ZERO_LINK = NO;
			};
			name = "Universal Binary";
		};
		98C1286508CE0D030015CB91 /* Universal Binary */ = {
			isa = XCBuildConfiguration;
			buildSettings = {
				COPY_PHASE_STRIP = YES;
				DEAD_CODE_STRIPPING = YES;
				DEPLOYMENT_POSTPROCESSING = YES;
				GCC_DYNAMIC_NO_PIC = YES;
				GCC_ENABLE_FIX_AND_CONTINUE = NO;
				GCC_ENABLE_OBJC_EXCEPTIONS = YES;
				GCC_GENERATE_DEBUGGING_SYMBOLS = NO;
				GCC_OPTIMIZATION_LEVEL = s;
				GCC_PRECOMPILE_PREFIX_HEADER = YES;
				GCC_PREPROCESSOR_DEFINITIONS = (
					NS_BLOCK_ASSERTIONS,
					DEBUG_ASSERT_PRODUCTION_CODE,
				);
				GCC_WARN_UNINITIALIZED_AUTOS = YES;
				GCC_WARN_UNUSED_VALUE = YES;
				MACOSX_DEPLOYMENT_TARGET = 10.3;
				OTHER_LDFLAGS = "";
				PRESERVE_DEAD_CODE_INITS_AND_TERMS = YES;
				PRODUCT_NAME = "Daemon & Co.";
				SECTORDER_FLAGS = "";
				WARNING_CFLAGS = (
					"-Wmost",
					"-Wno-four-char-constants",
					"-Wno-unknown-pragmas",
				);
				ZERO_LINK = NO;
			};
			name = "Universal Binary";
		};
		98C1286608CE0D030015CB91 /* Universal Binary */ = {
			isa = XCBuildConfiguration;
			buildSettings = {
				COPY_PHASE_STRIP = YES;
				DEAD_CODE_STRIPPING = YES;
				DEPLOYMENT_POSTPROCESSING = YES;
				GCC_DYNAMIC_NO_PIC = YES;
				GCC_ENABLE_FIX_AND_CONTINUE = NO;
				GCC_ENABLE_OBJC_EXCEPTIONS = YES;
				GCC_GENERATE_DEBUGGING_SYMBOLS = NO;
				GCC_OPTIMIZATION_LEVEL = s;
				GCC_PRECOMPILE_PREFIX_HEADER = YES;
				GCC_PREPROCESSOR_DEFINITIONS = (
					NS_BLOCK_ASSERTIONS,
					DEBUG_ASSERT_PRODUCTION_CODE,
				);
				GCC_WARN_UNINITIALIZED_AUTOS = YES;
				GCC_WARN_UNUSED_VALUE = YES;
				MACOSX_DEPLOYMENT_TARGET = 10.3;
				OTHER_LDFLAGS = "";
				PRESERVE_DEAD_CODE_INITS_AND_TERMS = YES;
				PRODUCT_NAME = Test;
				SECTORDER_FLAGS = "";
				WARNING_CFLAGS = (
					"-Wmost",
					"-Wno-four-char-constants",
					"-Wno-unknown-pragmas",
				);
				ZERO_LINK = NO;
			};
			name = "Universal Binary";
		};
		98C1286708CE0D030015CB91 /* Universal Binary */ = {
			isa = XCBuildConfiguration;
			buildSettings = {
				COPY_PHASE_STRIP = YES;
				DEAD_CODE_STRIPPING = YES;
				DEPLOYMENT_POSTPROCESSING = YES;
				GCC_DYNAMIC_NO_PIC = YES;
				GCC_ENABLE_FIX_AND_CONTINUE = NO;
				GCC_ENABLE_OBJC_EXCEPTIONS = YES;
				GCC_GENERATE_DEBUGGING_SYMBOLS = NO;
				GCC_OPTIMIZATION_LEVEL = s;
				GCC_PRECOMPILE_PREFIX_HEADER = YES;
				GCC_PREPROCESSOR_DEFINITIONS = (
					NS_BLOCK_ASSERTIONS,
					DEBUG_ASSERT_PRODUCTION_CODE,
				);
				GCC_WARN_UNINITIALIZED_AUTOS = YES;
				GCC_WARN_UNUSED_VALUE = YES;
				MACOSX_DEPLOYMENT_TARGET = 10.3;
				OTHER_LDFLAGS = "";
				PRESERVE_DEAD_CODE_INITS_AND_TERMS = YES;
				PRODUCT_NAME = All;
				SECTORDER_FLAGS = "";
				WARNING_CFLAGS = (
					"-Wmost",
					"-Wno-four-char-constants",
					"-Wno-unknown-pragmas",
				);
				ZERO_LINK = NO;
			};
			name = "Universal Binary";
		};
		98C1286808CE0D030015CB91 /* Universal Binary */ = {
			isa = XCBuildConfiguration;
			buildSettings = {
				COPY_PHASE_STRIP = YES;
				DEAD_CODE_STRIPPING = YES;
				DEPLOYMENT_POSTPROCESSING = YES;
				GCC_DYNAMIC_NO_PIC = YES;
				GCC_ENABLE_FIX_AND_CONTINUE = NO;
				GCC_ENABLE_OBJC_EXCEPTIONS = YES;
				GCC_GENERATE_DEBUGGING_SYMBOLS = NO;
				GCC_OPTIMIZATION_LEVEL = s;
				GCC_PRECOMPILE_PREFIX_HEADER = YES;
				GCC_PREPROCESSOR_DEFINITIONS = (
					NS_BLOCK_ASSERTIONS,
					DEBUG_ASSERT_PRODUCTION_CODE,
				);
				GCC_WARN_UNINITIALIZED_AUTOS = YES;
				GCC_WARN_UNUSED_VALUE = YES;
				MACOSX_DEPLOYMENT_TARGET = 10.3;
				OTHER_LDFLAGS = "";
				PRESERVE_DEAD_CODE_INITS_AND_TERMS = YES;
				PRODUCT_NAME = Spark;
				SECTORDER_FLAGS = "";
				WARNING_CFLAGS = (
					"-Wmost",
					"-Wno-four-char-constants",
					"-Wno-unknown-pragmas",
				);
				ZERO_LINK = NO;
			};
			name = "Universal Binary";
		};
		98C1286908CE0D030015CB91 /* Universal Binary */ = {
			isa = XCBuildConfiguration;
			buildSettings = {
			};
			name = "Universal Binary";
		};
		98FF7B280857B50600611EDE /* Development */ = {
			isa = XCBuildConfiguration;
			buildSettings = {
				COPY_PHASE_STRIP = NO;
				DEAD_CODE_STRIPPING = NO;
				DEPLOYMENT_POSTPROCESSING = NO;
				GCC_DYNAMIC_NO_PIC = NO;
				GCC_ENABLE_FIX_AND_CONTINUE = YES;
				GCC_ENABLE_OBJC_EXCEPTIONS = YES;
				GCC_GENERATE_DEBUGGING_SYMBOLS = YES;
				GCC_OPTIMIZATION_LEVEL = 0;
				GCC_PRECOMPILE_PREFIX_HEADER = YES;
				GCC_PREPROCESSOR_DEFINITIONS = DEBUG;
				GCC_WARN_UNINITIALIZED_AUTOS = NO;
				GCC_WARN_UNUSED_VALUE = YES;
				MACOSX_DEPLOYMENT_TARGET = 10.3;
				OTHER_LDFLAGS = "";
				PRESERVE_DEAD_CODE_INITS_AND_TERMS = NO;
				PRODUCT_NAME = Frameworks;
				SECTORDER_FLAGS = "";
				WARNING_CFLAGS = (
					"-Wmost",
					"-Wno-four-char-constants",
					"-Wno-unknown-pragmas",
				);
				ZERO_LINK = YES;
			};
			name = Development;
		};
		98FF7B290857B50600611EDE /* Deployment */ = {
			isa = XCBuildConfiguration;
			buildSettings = {
				COPY_PHASE_STRIP = YES;
				DEAD_CODE_STRIPPING = YES;
				DEPLOYMENT_POSTPROCESSING = YES;
				GCC_DYNAMIC_NO_PIC = YES;
				GCC_ENABLE_FIX_AND_CONTINUE = NO;
				GCC_ENABLE_OBJC_EXCEPTIONS = YES;
				GCC_GENERATE_DEBUGGING_SYMBOLS = NO;
				GCC_OPTIMIZATION_LEVEL = s;
				GCC_PRECOMPILE_PREFIX_HEADER = YES;
				GCC_PREPROCESSOR_DEFINITIONS = (
					NS_BLOCK_ASSERTIONS,
					DEBUG_ASSERT_PRODUCTION_CODE,
				);
				GCC_WARN_UNINITIALIZED_AUTOS = YES;
				GCC_WARN_UNUSED_VALUE = YES;
				MACOSX_DEPLOYMENT_TARGET = 10.3;
				OTHER_LDFLAGS = "";
				PRESERVE_DEAD_CODE_INITS_AND_TERMS = YES;
				PRODUCT_NAME = Frameworks;
				SECTORDER_FLAGS = "";
				WARNING_CFLAGS = (
					"-Wmost",
					"-Wno-four-char-constants",
					"-Wno-unknown-pragmas",
				);
				ZERO_LINK = NO;
			};
			name = Deployment;
		};
		98FF7B2D0857B50600611EDE /* Development */ = {
			isa = XCBuildConfiguration;
			buildSettings = {
				COPY_PHASE_STRIP = NO;
				DEAD_CODE_STRIPPING = NO;
				DEPLOYMENT_POSTPROCESSING = NO;
				GCC_DYNAMIC_NO_PIC = NO;
				GCC_ENABLE_FIX_AND_CONTINUE = YES;
				GCC_ENABLE_OBJC_EXCEPTIONS = YES;
				GCC_GENERATE_DEBUGGING_SYMBOLS = YES;
				GCC_OPTIMIZATION_LEVEL = 0;
				GCC_PRECOMPILE_PREFIX_HEADER = YES;
				GCC_PREPROCESSOR_DEFINITIONS = DEBUG;
				GCC_WARN_UNINITIALIZED_AUTOS = NO;
				GCC_WARN_UNUSED_VALUE = YES;
				MACOSX_DEPLOYMENT_TARGET = 10.3;
				OTHER_LDFLAGS = "";
				PRESERVE_DEAD_CODE_INITS_AND_TERMS = NO;
				PRODUCT_NAME = "Daemon & Co.";
				SECTORDER_FLAGS = "";
				WARNING_CFLAGS = (
					"-Wmost",
					"-Wno-four-char-constants",
					"-Wno-unknown-pragmas",
				);
				ZERO_LINK = YES;
			};
			name = Development;
		};
		98FF7B2E0857B50600611EDE /* Deployment */ = {
			isa = XCBuildConfiguration;
			buildSettings = {
				COPY_PHASE_STRIP = YES;
				DEAD_CODE_STRIPPING = YES;
				DEPLOYMENT_POSTPROCESSING = YES;
				GCC_DYNAMIC_NO_PIC = YES;
				GCC_ENABLE_FIX_AND_CONTINUE = NO;
				GCC_ENABLE_OBJC_EXCEPTIONS = YES;
				GCC_GENERATE_DEBUGGING_SYMBOLS = NO;
				GCC_OPTIMIZATION_LEVEL = s;
				GCC_PRECOMPILE_PREFIX_HEADER = YES;
				GCC_PREPROCESSOR_DEFINITIONS = (
					NS_BLOCK_ASSERTIONS,
					DEBUG_ASSERT_PRODUCTION_CODE,
				);
				GCC_WARN_UNINITIALIZED_AUTOS = YES;
				GCC_WARN_UNUSED_VALUE = YES;
				MACOSX_DEPLOYMENT_TARGET = 10.3;
				OTHER_LDFLAGS = "";
				PRESERVE_DEAD_CODE_INITS_AND_TERMS = YES;
				PRODUCT_NAME = "Daemon & Co.";
				SECTORDER_FLAGS = "";
				WARNING_CFLAGS = (
					"-Wmost",
					"-Wno-four-char-constants",
					"-Wno-unknown-pragmas",
				);
				ZERO_LINK = NO;
			};
			name = Deployment;
		};
		98FF7B320857B50600611EDE /* Development */ = {
			isa = XCBuildConfiguration;
			buildSettings = {
				COPY_PHASE_STRIP = NO;
				DEAD_CODE_STRIPPING = NO;
				DEPLOYMENT_POSTPROCESSING = NO;
				GCC_DYNAMIC_NO_PIC = NO;
				GCC_ENABLE_FIX_AND_CONTINUE = YES;
				GCC_ENABLE_OBJC_EXCEPTIONS = YES;
				GCC_GENERATE_DEBUGGING_SYMBOLS = YES;
				GCC_OPTIMIZATION_LEVEL = 0;
				GCC_PRECOMPILE_PREFIX_HEADER = YES;
				GCC_PREPROCESSOR_DEFINITIONS = DEBUG;
				GCC_WARN_UNINITIALIZED_AUTOS = NO;
				GCC_WARN_UNUSED_VALUE = YES;
				MACOSX_DEPLOYMENT_TARGET = 10.3;
				OTHER_LDFLAGS = "";
				PRESERVE_DEAD_CODE_INITS_AND_TERMS = NO;
				PRODUCT_NAME = Test;
				SECTORDER_FLAGS = "";
				WARNING_CFLAGS = (
					"-Wmost",
					"-Wno-four-char-constants",
					"-Wno-unknown-pragmas",
				);
				ZERO_LINK = YES;
			};
			name = Development;
		};
		98FF7B330857B50600611EDE /* Deployment */ = {
			isa = XCBuildConfiguration;
			buildSettings = {
				COPY_PHASE_STRIP = YES;
				DEAD_CODE_STRIPPING = YES;
				DEPLOYMENT_POSTPROCESSING = YES;
				GCC_DYNAMIC_NO_PIC = YES;
				GCC_ENABLE_FIX_AND_CONTINUE = NO;
				GCC_ENABLE_OBJC_EXCEPTIONS = YES;
				GCC_GENERATE_DEBUGGING_SYMBOLS = NO;
				GCC_OPTIMIZATION_LEVEL = s;
				GCC_PRECOMPILE_PREFIX_HEADER = YES;
				GCC_PREPROCESSOR_DEFINITIONS = (
					NS_BLOCK_ASSERTIONS,
					DEBUG_ASSERT_PRODUCTION_CODE,
				);
				GCC_WARN_UNINITIALIZED_AUTOS = YES;
				GCC_WARN_UNUSED_VALUE = YES;
				MACOSX_DEPLOYMENT_TARGET = 10.3;
				OTHER_LDFLAGS = "";
				PRESERVE_DEAD_CODE_INITS_AND_TERMS = YES;
				PRODUCT_NAME = Test;
				SECTORDER_FLAGS = "";
				WARNING_CFLAGS = (
					"-Wmost",
					"-Wno-four-char-constants",
					"-Wno-unknown-pragmas",
				);
				ZERO_LINK = NO;
			};
			name = Deployment;
		};
		98FF7B370857B50600611EDE /* Development */ = {
			isa = XCBuildConfiguration;
			buildSettings = {
				COPY_PHASE_STRIP = NO;
				DEAD_CODE_STRIPPING = NO;
				DEPLOYMENT_POSTPROCESSING = NO;
				GCC_DYNAMIC_NO_PIC = NO;
				GCC_ENABLE_FIX_AND_CONTINUE = YES;
				GCC_ENABLE_OBJC_EXCEPTIONS = YES;
				GCC_GENERATE_DEBUGGING_SYMBOLS = YES;
				GCC_OPTIMIZATION_LEVEL = 0;
				GCC_PRECOMPILE_PREFIX_HEADER = YES;
				GCC_PREPROCESSOR_DEFINITIONS = DEBUG;
				GCC_WARN_UNINITIALIZED_AUTOS = NO;
				GCC_WARN_UNUSED_VALUE = YES;
				MACOSX_DEPLOYMENT_TARGET = 10.3;
				OTHER_LDFLAGS = "";
				PRESERVE_DEAD_CODE_INITS_AND_TERMS = NO;
				PRODUCT_NAME = All;
				SECTORDER_FLAGS = "";
				WARNING_CFLAGS = (
					"-Wmost",
					"-Wno-four-char-constants",
					"-Wno-unknown-pragmas",
				);
				ZERO_LINK = YES;
			};
			name = Development;
		};
		98FF7B380857B50600611EDE /* Deployment */ = {
			isa = XCBuildConfiguration;
			buildSettings = {
				COPY_PHASE_STRIP = YES;
				DEAD_CODE_STRIPPING = YES;
				DEPLOYMENT_POSTPROCESSING = YES;
				GCC_DYNAMIC_NO_PIC = YES;
				GCC_ENABLE_FIX_AND_CONTINUE = NO;
				GCC_ENABLE_OBJC_EXCEPTIONS = YES;
				GCC_GENERATE_DEBUGGING_SYMBOLS = NO;
				GCC_OPTIMIZATION_LEVEL = s;
				GCC_PRECOMPILE_PREFIX_HEADER = YES;
				GCC_PREPROCESSOR_DEFINITIONS = (
					NS_BLOCK_ASSERTIONS,
					DEBUG_ASSERT_PRODUCTION_CODE,
				);
				GCC_WARN_UNINITIALIZED_AUTOS = YES;
				GCC_WARN_UNUSED_VALUE = YES;
				MACOSX_DEPLOYMENT_TARGET = 10.3;
				OTHER_LDFLAGS = "";
				PRESERVE_DEAD_CODE_INITS_AND_TERMS = YES;
				PRODUCT_NAME = All;
				SECTORDER_FLAGS = "";
				WARNING_CFLAGS = (
					"-Wmost",
					"-Wno-four-char-constants",
					"-Wno-unknown-pragmas",
				);
				ZERO_LINK = NO;
			};
			name = Deployment;
		};
		98FF7B3C0857B50600611EDE /* Development */ = {
			isa = XCBuildConfiguration;
			buildSettings = {
				COPY_PHASE_STRIP = NO;
				DEAD_CODE_STRIPPING = NO;
				DEPLOYMENT_POSTPROCESSING = NO;
				GCC_DYNAMIC_NO_PIC = NO;
				GCC_ENABLE_FIX_AND_CONTINUE = YES;
				GCC_ENABLE_OBJC_EXCEPTIONS = YES;
				GCC_GENERATE_DEBUGGING_SYMBOLS = YES;
				GCC_OPTIMIZATION_LEVEL = 0;
				GCC_PRECOMPILE_PREFIX_HEADER = YES;
				GCC_PREPROCESSOR_DEFINITIONS = DEBUG;
				GCC_WARN_UNINITIALIZED_AUTOS = NO;
				GCC_WARN_UNUSED_VALUE = YES;
				MACOSX_DEPLOYMENT_TARGET = 10.3;
				OTHER_LDFLAGS = "";
				PRESERVE_DEAD_CODE_INITS_AND_TERMS = NO;
				PRODUCT_NAME = Spark;
				SECTORDER_FLAGS = "";
				WARNING_CFLAGS = (
					"-Wmost",
					"-Wno-four-char-constants",
					"-Wno-unknown-pragmas",
				);
				ZERO_LINK = YES;
			};
			name = Development;
		};
		98FF7B3D0857B50600611EDE /* Deployment */ = {
			isa = XCBuildConfiguration;
			buildSettings = {
				COPY_PHASE_STRIP = YES;
				DEAD_CODE_STRIPPING = YES;
				DEPLOYMENT_POSTPROCESSING = YES;
				GCC_DYNAMIC_NO_PIC = YES;
				GCC_ENABLE_FIX_AND_CONTINUE = NO;
				GCC_ENABLE_OBJC_EXCEPTIONS = YES;
				GCC_GENERATE_DEBUGGING_SYMBOLS = NO;
				GCC_OPTIMIZATION_LEVEL = s;
				GCC_PRECOMPILE_PREFIX_HEADER = YES;
				GCC_PREPROCESSOR_DEFINITIONS = (
					NS_BLOCK_ASSERTIONS,
					DEBUG_ASSERT_PRODUCTION_CODE,
				);
				GCC_WARN_UNINITIALIZED_AUTOS = YES;
				GCC_WARN_UNUSED_VALUE = YES;
				MACOSX_DEPLOYMENT_TARGET = 10.3;
				OTHER_LDFLAGS = "";
				PRESERVE_DEAD_CODE_INITS_AND_TERMS = YES;
				PRODUCT_NAME = Spark;
				SECTORDER_FLAGS = "";
				WARNING_CFLAGS = (
					"-Wmost",
					"-Wno-four-char-constants",
					"-Wno-unknown-pragmas",
				);
				ZERO_LINK = NO;
			};
			name = Deployment;
		};
		98FF7B410857B50600611EDE /* Development */ = {
			isa = XCBuildConfiguration;
			buildSettings = {
			};
			name = Development;
		};
		98FF7B420857B50600611EDE /* Deployment */ = {
			isa = XCBuildConfiguration;
			buildSettings = {
			};
			name = Deployment;
		};
/* End XCBuildConfiguration section */

/* Begin XCConfigurationList section */
		98FF7B270857B50600611EDE /* Build configuration list for PBXAggregateTarget "Frameworks" */ = {
			isa = XCConfigurationList;
			buildConfigurations = (
				98FF7B280857B50600611EDE /* Development */,
				98B4DEB70939D464009F2007 /* Profiling */,
				98FF7B290857B50600611EDE /* Deployment */,
				98C1286408CE0D020015CB91 /* Universal Binary */,
			);
			defaultConfigurationIsVisible = 0;
			defaultConfigurationName = Development;
		};
		98FF7B2C0857B50600611EDE /* Build configuration list for PBXAggregateTarget "Daemon" */ = {
			isa = XCConfigurationList;
			buildConfigurations = (
				98FF7B2D0857B50600611EDE /* Development */,
				98B4DEB80939D464009F2007 /* Profiling */,
				98FF7B2E0857B50600611EDE /* Deployment */,
				98C1286508CE0D030015CB91 /* Universal Binary */,
			);
			defaultConfigurationIsVisible = 0;
			defaultConfigurationName = Development;
		};
		98FF7B310857B50600611EDE /* Build configuration list for PBXAggregateTarget "Plugins" */ = {
			isa = XCConfigurationList;
			buildConfigurations = (
				98FF7B320857B50600611EDE /* Development */,
				98B4DEB90939D464009F2007 /* Profiling */,
				98FF7B330857B50600611EDE /* Deployment */,
				98C1286608CE0D030015CB91 /* Universal Binary */,
			);
			defaultConfigurationIsVisible = 0;
			defaultConfigurationName = Development;
		};
		98FF7B360857B50600611EDE /* Build configuration list for PBXAggregateTarget "All" */ = {
			isa = XCConfigurationList;
			buildConfigurations = (
				98FF7B370857B50600611EDE /* Development */,
				98B4DEBA0939D464009F2007 /* Profiling */,
				98FF7B380857B50600611EDE /* Deployment */,
				98C1286708CE0D030015CB91 /* Universal Binary */,
			);
			defaultConfigurationIsVisible = 0;
			defaultConfigurationName = Development;
		};
		98FF7B3B0857B50600611EDE /* Build configuration list for PBXAggregateTarget "Spark" */ = {
			isa = XCConfigurationList;
			buildConfigurations = (
				98FF7B3C0857B50600611EDE /* Development */,
				98B4DEBB0939D464009F2007 /* Profiling */,
				98FF7B3D0857B50600611EDE /* Deployment */,
				98C1286808CE0D030015CB91 /* Universal Binary */,
			);
			defaultConfigurationIsVisible = 0;
			defaultConfigurationName = Development;
		};
		98FF7B400857B50600611EDE /* Build configuration list for PBXProject "Spark" */ = {
			isa = XCConfigurationList;
			buildConfigurations = (
				98FF7B410857B50600611EDE /* Development */,
				98B4DEBC0939D464009F2007 /* Profiling */,
				98FF7B420857B50600611EDE /* Deployment */,
				98C1286908CE0D030015CB91 /* Universal Binary */,
			);
			defaultConfigurationIsVisible = 0;
			defaultConfigurationName = Development;
		};
/* End XCConfigurationList section */
	};
	rootObject = 29B97313FDCFA39411CA2CEA /* Project object */;
}
